PODS:
  - Alamofire (4.4.0)
  - AlamofireImage (3.2.0):
    - Alamofire (~> 4.1)
  - BouncyLayout (1.1.0)
  - DLRadioButton (1.4.9)
  - Gifu (2.0.0)
  - Material (2.6.3):
    - Material/Core (= 2.6.3)
  - Material/Core (2.6.3)
  - Nuke (5.1)
  - Nuke-Gifu-Plugin (1.0):
    - Gifu (~> 2.0)
    - Nuke (~> 5.0)
  - Popover (1.0.6)
  - Realm (2.8.0):
    - Realm/Headers (= 2.8.0)
  - Realm/Headers (2.8.0)
  - RealmSwift (2.8.0):
    - Realm (= 2.8.0)
  - RSKGrowingTextView (2.0.0):
    - RSKPlaceholderTextView (= 2.0.0)
  - RSKPlaceholderTextView (2.0.0)
  - SwiftLinkPreview (2.0.5)
  - SwiftValidators (6.0.0)
  - Toast-Swift (2.0.0)

DEPENDENCIES:
  - Alamofire (~> 4.4)
  - AlamofireImage (~> 3.1)
  - BouncyLayout
  - DLRadioButton (~> 1.4)
  - Material
  - Nuke-Gifu-Plugin
  - Popover
  - RealmSwift
  - RSKGrowingTextView
  - RSKPlaceholderTextView (= 2.0.0)
  - SwiftLinkPreview (~> 2.0.5)
  - SwiftValidators
  - Toast-Swift (~> 2.0.0)

SPEC CHECKSUMS:
  Alamofire: dc44b1600b800eb63da6a19039a0083d62a6a62d
  AlamofireImage: 157ed682cc81d3b9db4fb90c1f12180ac552d93b
  BouncyLayout: f91c6504437a61acd733404f55f75bd8154f5840
  DLRadioButton: 7bb8a6e3768b572469ace553391ab4d2af6f9c19
  Gifu: 56a4d8f1092399159fa32662aa2232158b48d8ac
  Material: af607a7ec0e9978ef85cf189a3d8ceeeb650400f
  Nuke: 8ab71e77f6a54ff5fb697f93537c35f419bb01f7
  Nuke-Gifu-Plugin: 212968cf0c170a504a8ddf69806cf6c6aa2f40b4
  Popover: 227aa929a6cdf41c4828786be8ede109c40344c9
  Realm: 929243ad2b618b3232e70658bedc61110e7563f1
  RealmSwift: 5b7079b891f2833d1849294161ba3e092bbda3f6
  RSKGrowingTextView: 1d9c64f1e9f8ed9b47d883548a3fd76dfdfe1353
  RSKPlaceholderTextView: 301f0f30e70e7c42fe4e941e3a08365ab0d890d5
  SwiftLinkPreview: be9b78b79b1b31e00c3468b0476f57534985da7d
  SwiftValidators: 4ccbec749f61a36f7a922781bb09452e80cde396
  Toast-Swift: 5b2f8f720f7e78e48511f693df1f9c9a6e38a25a

PODFILE CHECKSUM: b1a12c2a21c0846cb71ed28643b5dea09460ccdd

COCOAPODS: 1.2.1
