// !$*UTF8*$!
{
	archiveVersion = 1;
	classes = {
	};
	objectVersion = 46;
	objects = {

/* Begin PBXBuildFile section */
		3BC1D8D5203B177E003E62F9 /* noConnectionViewController.swift in Sources */ = {isa = PBXBuildFile; fileRef = 3BC1D8D3203B177E003E62F9 /* noConnectionViewController.swift */; };
		3BC1D8D6203B177E003E62F9 /* noConnectionNetworkStatus.swift in Sources */ = {isa = PBXBuildFile; fileRef = 3BC1D8D4203B177E003E62F9 /* noConnectionNetworkStatus.swift */; };
		40172A8520ECAA49006B462C /* YouTubePlayerCell.swift in Sources */ = {isa = PBXBuildFile; fileRef = 40172A8420ECAA49006B462C /* YouTubePlayerCell.swift */; };
		403E7F4220BCBCFB00D7B48B /* DevicesActivityViewController.swift in Sources */ = {isa = PBXBuildFile; fileRef = 403E7F4120BCBCFB00D7B48B /* DevicesActivityViewController.swift */; };
		405C463820E0D3750091A78E /* DeviceActivityMethods.swift in Sources */ = {isa = PBXBuildFile; fileRef = 405C463720E0D3750091A78E /* DeviceActivityMethods.swift */; };
		40623B7F20D243910013FE60 /* Ratings.swift in Sources */ = {isa = PBXBuildFile; fileRef = 40623B7E20D243910013FE60 /* Ratings.swift */; };
		4064830120FCF3220014EB47 /* PlayerViewController.swift in Sources */ = {isa = PBXBuildFile; fileRef = 406482FF20FCF3220014EB47 /* PlayerViewController.swift */; };
		406F100620ADFEED00808E4C /* OnboardingUITests.swift in Sources */ = {isa = PBXBuildFile; fileRef = 406F100520ADFEED00808E4C /* OnboardingUITests.swift */; };
		406F8BA020EE72CA00D9C6AC /* VideoPlayAction.swift in Sources */ = {isa = PBXBuildFile; fileRef = 406F8B9F20EE72CA00D9C6AC /* VideoPlayAction.swift */; };
		40701E7F20BEAC8100B92D81 /* RatingView.swift in Sources */ = {isa = PBXBuildFile; fileRef = 40701E7E20BEAC8100B92D81 /* RatingView.swift */; };
		4075B35F210E3CAC00672C6A /* RoomPickerController.swift in Sources */ = {isa = PBXBuildFile; fileRef = 4075B35E210E3CAC00672C6A /* RoomPickerController.swift */; };
		40799A7620BBAD9800271718 /* DeviceInstructionsViewController.swift in Sources */ = {isa = PBXBuildFile; fileRef = 40799A7520BBAD9800271718 /* DeviceInstructionsViewController.swift */; };
		407ED1DB20BEC6C3007AEE34 /* DesignableView.swift in Sources */ = {isa = PBXBuildFile; fileRef = 407ED1DA20BEC6C3007AEE34 /* DesignableView.swift */; };
		407EFAC020C34C0000675A0B /* LanguagePickerController.swift in Sources */ = {isa = PBXBuildFile; fileRef = 407EFABF20C34C0000675A0B /* LanguagePickerController.swift */; };
		40801EE320F33B4C0071860E /* VideoPlayerView.swift in Sources */ = {isa = PBXBuildFile; fileRef = 40801EE220F33B4C0071860E /* VideoPlayerView.swift */; };
		40801EE520F33BBB0071860E /* YTPlayer.html in Resources */ = {isa = PBXBuildFile; fileRef = 40801EE420F33BBB0071860E /* YTPlayer.html */; };
		40D8882120CA9DBA006226EE /* TEABarChart.m in Sources */ = {isa = PBXBuildFile; fileRef = 40D8881720CA9DB9006226EE /* TEABarChart.m */; };
		40DE743620E39E52003C0116 /* FeedbackDisplayCell.swift in Sources */ = {isa = PBXBuildFile; fileRef = 40DE743520E39E52003C0116 /* FeedbackDisplayCell.swift */; };
		40DE743920E49F3A003C0116 /* AllFeedbackViewController.swift in Sources */ = {isa = PBXBuildFile; fileRef = 40DE743820E49F3A003C0116 /* AllFeedbackViewController.swift */; };
		40DE743C20E4F759003C0116 /* AllFeedbackCell.swift in Sources */ = {isa = PBXBuildFile; fileRef = 40DE743B20E4F759003C0116 /* AllFeedbackCell.swift */; };
		40DE743E20E50281003C0116 /* Feedback.swift in Sources */ = {isa = PBXBuildFile; fileRef = 40DE743D20E50281003C0116 /* Feedback.swift */; };
		40F17FA820AC39F9008E7305 /* Images.swift in Sources */ = {isa = PBXBuildFile; fileRef = 40F17FA720AC39F8008E7305 /* Images.swift */; };
		40F17FAC20ACA28A008E7305 /* OnboardingViewController.swift in Sources */ = {isa = PBXBuildFile; fileRef = 40F17FAB20ACA28A008E7305 /* OnboardingViewController.swift */; };
		40FB527520C037C6005D4ACD /* StopCell.swift in Sources */ = {isa = PBXBuildFile; fileRef = 40FB527420C037C6005D4ACD /* StopCell.swift */; };
		4CD0AA5F1EDF2CB700BC8FD5 /* ControllerConstants.swift in Sources */ = {isa = PBXBuildFile; fileRef = 4CD0AA5E1EDF2CB700BC8FD5 /* ControllerConstants.swift */; };
		6D017B251F4EAF86004BDE7E /* SkillListingViewController.swift in Sources */ = {isa = PBXBuildFile; fileRef = 6D017B241F4EAF86004BDE7E /* SkillListingViewController.swift */; };
		6D017B271F4EB641004BDE7E /* SkillListingVCMethods.swift in Sources */ = {isa = PBXBuildFile; fileRef = 6D017B261F4EB641004BDE7E /* SkillListingVCMethods.swift */; };
		6D017B291F4EC2D3004BDE7E /* SkillListingTableCell.swift in Sources */ = {isa = PBXBuildFile; fileRef = 6D017B281F4EC2D3004BDE7E /* SkillListingTableCell.swift */; };
		6D017B2B1F4EC941004BDE7E /* SkillListingCollectionView.swift in Sources */ = {isa = PBXBuildFile; fileRef = 6D017B2A1F4EC941004BDE7E /* SkillListingCollectionView.swift */; };
		6D017B2E1F4ECA90004BDE7E /* SkillCell.swift in Sources */ = {isa = PBXBuildFile; fileRef = 6D017B2D1F4ECA90004BDE7E /* SkillCell.swift */; };
		6D017B301F4ED651004BDE7E /* Skill.swift in Sources */ = {isa = PBXBuildFile; fileRef = 6D017B2F1F4ED651004BDE7E /* Skill.swift */; };
		6D0B28DC1F3D55B100E273E1 /* ResetPasswordController.swift in Sources */ = {isa = PBXBuildFile; fileRef = 6D0B28DB1F3D55B100E273E1 /* ResetPasswordController.swift */; };
		6D0B28DE1F3D873D00E273E1 /* ResetPasswordVCMethods.swift in Sources */ = {isa = PBXBuildFile; fileRef = 6D0B28DD1F3D873D00E273E1 /* ResetPasswordVCMethods.swift */; };
		6D0B28E01F3D8F6300E273E1 /* CustomTextField.swift in Sources */ = {isa = PBXBuildFile; fileRef = 6D0B28DF1F3D8F6300E273E1 /* CustomTextField.swift */; };
		6D0B9CED1F2CF75B0060262A /* SettingsVCMethods.swift in Sources */ = {isa = PBXBuildFile; fileRef = 6D0B9CEC1F2CF75B0060262A /* SettingsVCMethods.swift */; };
		6D0DB6241EE41D1000AD030D /* ChatVCMethods.swift in Sources */ = {isa = PBXBuildFile; fileRef = 6D0DB6231EE41D1000AD030D /* ChatVCMethods.swift */; };
		6D0DB6261EE4272300AD030D /* OutgoingChatCell.swift in Sources */ = {isa = PBXBuildFile; fileRef = 6D0DB6251EE4272300AD030D /* OutgoingChatCell.swift */; };
		6D0DB6281EE436FC00AD030D /* IncomingChatCell.swift in Sources */ = {isa = PBXBuildFile; fileRef = 6D0DB6271EE436FC00AD030D /* IncomingChatCell.swift */; };
		6D215B951EB0BE7300CD2C1D /* AuthenticationUITests.swift in Sources */ = {isa = PBXBuildFile; fileRef = 6D215B941EB0BE7300CD2C1D /* AuthenticationUITests.swift */; };
		6D24B08A1EE4079E0097418A /* LoginVCMethods.swift in Sources */ = {isa = PBXBuildFile; fileRef = 6D24B0891EE4079E0097418A /* LoginVCMethods.swift */; };
		6D24B0961EE409DB0097418A /* SignUpVCMethods.swift in Sources */ = {isa = PBXBuildFile; fileRef = 6D24B0951EE409DB0097418A /* SignUpVCMethods.swift */; };
		6D2898391F144E5C00B6151A /* SnowboyWrapper.mm in Sources */ = {isa = PBXBuildFile; fileRef = 6D2898321F144E5C00B6151A /* SnowboyWrapper.mm */; };
		6D28983A1F144E5C00B6151A /* common.res in Resources */ = {isa = PBXBuildFile; fileRef = 6D2898331F144E5C00B6151A /* common.res */; };
		6D2898421F14507700B6151A /* libsnowboy-detect.a in Frameworks */ = {isa = PBXBuildFile; fileRef = 6D2898381F144E5C00B6151A /* libsnowboy-detect.a */; };
		6D2F984B1E76DF2200FE2B6F /* BaseCell.swift in Sources */ = {isa = PBXBuildFile; fileRef = 6D2F984A1E76DF2200FE2B6F /* BaseCell.swift */; };
		6D3527131F083F8E00395BD5 /* Constants.swift in Sources */ = {isa = PBXBuildFile; fileRef = 6DE44E141E76ACD900215B85 /* Constants.swift */; };
		6D3527141F083F9100395BD5 /* Client.swift in Sources */ = {isa = PBXBuildFile; fileRef = 6DE44E101E76ACAF00215B85 /* Client.swift */; };
		6D35E4881EE70F9000188E1F /* Accelerate.framework in Frameworks */ = {isa = PBXBuildFile; fileRef = 6D35E4871EE70F9000188E1F /* Accelerate.framework */; };
		6D395D1D1F58966900BCC3C5 /* SkillDetailExampleCell.swift in Sources */ = {isa = PBXBuildFile; fileRef = 6D395D1C1F58966900BCC3C5 /* SkillDetailExampleCell.swift */; };
		6D395D1F1F589CC000BCC3C5 /* SkillDetailVCMethods.swift in Sources */ = {isa = PBXBuildFile; fileRef = 6D395D1E1F589CC000BCC3C5 /* SkillDetailVCMethods.swift */; };
		6D395D211F589CFE00BCC3C5 /* SkillDetailVCCollectionView.swift in Sources */ = {isa = PBXBuildFile; fileRef = 6D395D201F589CFE00BCC3C5 /* SkillDetailVCCollectionView.swift */; };
		6D3DACC51F25FB9900CEFBC7 /* ActivityIndicatorCell.swift in Sources */ = {isa = PBXBuildFile; fileRef = 6D3DACC41F25FB9900CEFBC7 /* ActivityIndicatorCell.swift */; };
		6D3E82461E7953B200D48776 /* SettingsViewController.swift in Sources */ = {isa = PBXBuildFile; fileRef = 6D3E82451E7953B200D48776 /* SettingsViewController.swift */; };
		6D3FB3491E813B900015E1D6 /* ChatMessageCell.swift in Sources */ = {isa = PBXBuildFile; fileRef = 6D3FB3481E813B900015E1D6 /* ChatMessageCell.swift */; };
		6D47585A1F5625740067B3A4 /* susi.pmdl in Resources */ = {isa = PBXBuildFile; fileRef = 6D4758591F5625740067B3A4 /* susi.pmdl */; };
		6D4D9B3B1E768E190067459C /* AppDelegate.swift in Sources */ = {isa = PBXBuildFile; fileRef = 6D4D9B3A1E768E190067459C /* AppDelegate.swift */; };
		6D4D9B421E768E190067459C /* Assets.xcassets in Resources */ = {isa = PBXBuildFile; fileRef = 6D4D9B411E768E190067459C /* Assets.xcassets */; };
		6D4D9B451E768E190067459C /* LaunchScreen.storyboard in Resources */ = {isa = PBXBuildFile; fileRef = 6D4D9B431E768E190067459C /* LaunchScreen.storyboard */; };
		6D4D9B4D1E768E650067459C /* LoginViewController.swift in Sources */ = {isa = PBXBuildFile; fileRef = 6D4D9B4C1E768E650067459C /* LoginViewController.swift */; };
		6D4D9B541E7690160067459C /* Extensions.swift in Sources */ = {isa = PBXBuildFile; fileRef = 6D4D9B531E7690160067459C /* Extensions.swift */; };
		6D5356831F07CF82003B97A5 /* ControllerConstants.swift in Sources */ = {isa = PBXBuildFile; fileRef = 4CD0AA5E1EDF2CB700BC8FD5 /* ControllerConstants.swift */; };
		6D58707F1F0A30A300EFFF0C /* AnonymousModeUITests.swift in Sources */ = {isa = PBXBuildFile; fileRef = 6D58707E1F0A30A300EFFF0C /* AnonymousModeUITests.swift */; };
		6D5DDFF61F3378D80078BB97 /* TrainingViewController.swift in Sources */ = {isa = PBXBuildFile; fileRef = 6D5DDFF51F3378D80078BB97 /* TrainingViewController.swift */; };
		6D61B9AB1EEBAA3900CD3536 /* Message.swift in Sources */ = {isa = PBXBuildFile; fileRef = 6D61B9AA1EEBAA3900CD3536 /* Message.swift */; };
		6D61B9AD1EEBAAA200CD3536 /* AnswerAction.swift in Sources */ = {isa = PBXBuildFile; fileRef = 6D61B9AC1EEBAAA200CD3536 /* AnswerAction.swift */; };
		6D61B9AF1EEBAAD700CD3536 /* RSSAction.swift in Sources */ = {isa = PBXBuildFile; fileRef = 6D61B9AE1EEBAAD700CD3536 /* RSSAction.swift */; };
		6D61B9B11EEBAB0200CD3536 /* WebsearchAction.swift in Sources */ = {isa = PBXBuildFile; fileRef = 6D61B9B01EEBAB0200CD3536 /* WebsearchAction.swift */; };
		6D61B9B31EEBAB4000CD3536 /* TableAction.swift in Sources */ = {isa = PBXBuildFile; fileRef = 6D61B9B21EEBAB4000CD3536 /* TableAction.swift */; };
		6D61B9B51EEBAB6000CD3536 /* AnchorAction.swift in Sources */ = {isa = PBXBuildFile; fileRef = 6D61B9B41EEBAB6000CD3536 /* AnchorAction.swift */; };
		6D61B9B71EEBAB7000CD3536 /* MapAction.swift in Sources */ = {isa = PBXBuildFile; fileRef = 6D61B9B61EEBAB7000CD3536 /* MapAction.swift */; };
		6D6F90481F4AF30800C84137 /* LongPressToCopyTextView.swift in Sources */ = {isa = PBXBuildFile; fileRef = 6D6F90471F4AF30800C84137 /* LongPressToCopyTextView.swift */; };
		6D7CE2E21F40255700C6353F /* ImageCell.swift in Sources */ = {isa = PBXBuildFile; fileRef = 6D7CE2E11F40255700C6353F /* ImageCell.swift */; };
		6D87A32E1EEE54CC00A6D763 /* WebsearchCollectionView.swift in Sources */ = {isa = PBXBuildFile; fileRef = 6D87A32D1EEE54CC00A6D763 /* WebsearchCollectionView.swift */; };
		6D87A3301EEE557000A6D763 /* WebsearchCell.swift in Sources */ = {isa = PBXBuildFile; fileRef = 6D87A32F1EEE557000A6D763 /* WebsearchCell.swift */; };
		6D87A3321EEE86CC00A6D763 /* RSSCell.swift in Sources */ = {isa = PBXBuildFile; fileRef = 6D87A3311EEE86CC00A6D763 /* RSSCell.swift */; };
		6D8AC7BA1F205F7F00FAA335 /* CollectionViewDelegate.swift in Sources */ = {isa = PBXBuildFile; fileRef = 6D8AC7B91F205F7F00FAA335 /* CollectionViewDelegate.swift */; };
		6D8DF3F01F0A2CAF0070DE1D /* ForgotPasswordUITests.swift in Sources */ = {isa = PBXBuildFile; fileRef = 6D8DF3EF1F0A2CAF0070DE1D /* ForgotPasswordUITests.swift */; };
		6D9C0D291E7B223A00199828 /* User.swift in Sources */ = {isa = PBXBuildFile; fileRef = 6D9C0D281E7B223A00199828 /* User.swift */; };
		6DAF3AF61F0E101200929D86 /* Main.storyboard in Resources */ = {isa = PBXBuildFile; fileRef = 6DAF3AF51F0E101200929D86 /* Main.storyboard */; };
		6DB440401F55FA4F00C2A405 /* SkillDetailViewController.swift in Sources */ = {isa = PBXBuildFile; fileRef = 6DB4403F1F55FA4F00C2A405 /* SkillDetailViewController.swift */; };
		6DCA905C1F1F09910058CABB /* LocationDelegate.swift in Sources */ = {isa = PBXBuildFile; fileRef = 6DCA905B1F1F09910058CABB /* LocationDelegate.swift */; };
		6DCA90621F1F0AD70058CABB /* AudioRecorderDelegate.swift in Sources */ = {isa = PBXBuildFile; fileRef = 6DCA90611F1F0AD70058CABB /* AudioRecorderDelegate.swift */; };
		6DCA90641F1F0B320058CABB /* TextFieldDelegate.swift in Sources */ = {isa = PBXBuildFile; fileRef = 6DCA90631F1F0B320058CABB /* TextFieldDelegate.swift */; };
		6DCA90661F1F0B660058CABB /* SpeechRecognizerDelegate.swift in Sources */ = {isa = PBXBuildFile; fileRef = 6DCA90651F1F0B660058CABB /* SpeechRecognizerDelegate.swift */; };
		6DD3F0931F0A62FC00BD7AC9 /* ChatUITests.swift in Sources */ = {isa = PBXBuildFile; fileRef = 6DD3F0921F0A62FC00BD7AC9 /* ChatUITests.swift */; };
		6DD5030E1F36656C008388E4 /* SpeechRecognitionDelegate.swift in Sources */ = {isa = PBXBuildFile; fileRef = 6DD5030D1F36656C008388E4 /* SpeechRecognitionDelegate.swift */; };
		6DE002591F3FF5140065DB85 /* MapCell.swift in Sources */ = {isa = PBXBuildFile; fileRef = 6DE002581F3FF5140065DB85 /* MapCell.swift */; };
		6DE0025B1F3FF93A0065DB85 /* AnchorCell.swift in Sources */ = {isa = PBXBuildFile; fileRef = 6DE0025A1F3FF93A0065DB85 /* AnchorCell.swift */; };
		6DE264911F0278A900EBAD13 /* Speech.framework in Frameworks */ = {isa = PBXBuildFile; fileRef = 6DE264901F0278A900EBAD13 /* Speech.framework */; };
		6DE44E0F1E769AD300215B85 /* Color.swift in Sources */ = {isa = PBXBuildFile; fileRef = 6DE44E0E1E769AD300215B85 /* Color.swift */; };
		6DE44E111E76ACAF00215B85 /* Client.swift in Sources */ = {isa = PBXBuildFile; fileRef = 6DE44E101E76ACAF00215B85 /* Client.swift */; };
		6DE44E161E76ACD900215B85 /* Constants.swift in Sources */ = {isa = PBXBuildFile; fileRef = 6DE44E141E76ACD900215B85 /* Constants.swift */; };
		6DE44E171E76ACD900215B85 /* Convenience.swift in Sources */ = {isa = PBXBuildFile; fileRef = 6DE44E151E76ACD900215B85 /* Convenience.swift */; };
		6DE44E191E76AF8100215B85 /* ChatViewController.swift in Sources */ = {isa = PBXBuildFile; fileRef = 6DE44E181E76AF8100215B85 /* ChatViewController.swift */; };
		6DE44E1B1E76B5D600215B85 /* SignUpViewController.swift in Sources */ = {isa = PBXBuildFile; fileRef = 6DE44E1A1E76B5D600215B85 /* SignUpViewController.swift */; };
		6DE809CF1F34DC1D00CAE674 /* TrainingVCMethods.swift in Sources */ = {isa = PBXBuildFile; fileRef = 6DE809CE1F34DC1D00CAE674 /* TrainingVCMethods.swift */; };
		6DE809D11F34DC6500CAE674 /* TrainingAudioRecorderDelegate.swift in Sources */ = {isa = PBXBuildFile; fileRef = 6DE809D01F34DC6500CAE674 /* TrainingAudioRecorderDelegate.swift */; };
		6DEE71121F2C9DC900A512CF /* AppNavigationController.swift in Sources */ = {isa = PBXBuildFile; fileRef = 6DEE71111F2C9DC900A512CF /* AppNavigationController.swift */; };
		6DFC75B91EE077E9002F92BA /* ForgotPasswordViewController.swift in Sources */ = {isa = PBXBuildFile; fileRef = 6DFC75B81EE077E9002F92BA /* ForgotPasswordViewController.swift */; };
		71DF0561EA8079C5C53174C1 /* Pods_Susi.framework in Frameworks */ = {isa = PBXBuildFile; fileRef = C564B012515FE5529232089A /* Pods_Susi.framework */; };
		80183F6F21D170BB00859F72 /* AboutVCMethods.swift in Sources */ = {isa = PBXBuildFile; fileRef = 80183F6E21D170BB00859F72 /* AboutVCMethods.swift */; };
		807A754421D143A1008D4032 /* AboutViewController.swift in Sources */ = {isa = PBXBuildFile; fileRef = 807A754321D143A1008D4032 /* AboutViewController.swift */; };
		94889CA61F7CCD370028B8C3 /* GeneralViewController.swift in Sources */ = {isa = PBXBuildFile; fileRef = 94889CA51F7CCD370028B8C3 /* GeneralViewController.swift */; };
		94889CAE1F7CEAA80028B8C3 /* Localizable.strings in Resources */ = {isa = PBXBuildFile; fileRef = 94889CB01F7CEAA80028B8C3 /* Localizable.strings */; };
		A0DEC06E21E0F40300659A5B /* SelectLanguageViewController.swift in Sources */ = {isa = PBXBuildFile; fileRef = A0DEC06D21E0F40300659A5B /* SelectLanguageViewController.swift */; };
		A0DEC07021E0F41300659A5B /* LanguageModel.swift in Sources */ = {isa = PBXBuildFile; fileRef = A0DEC06F21E0F41300659A5B /* LanguageModel.swift */; };
		A0E42B7321F0F2D8003F06AF /* LICENSE in Resources */ = {isa = PBXBuildFile; fileRef = A0E42B6B21F0F2D8003F06AF /* LICENSE */; };
		A0E42B7421F0F2D8003F06AF /* FBShimmeringLayer.m in Sources */ = {isa = PBXBuildFile; fileRef = A0E42B7021F0F2D8003F06AF /* FBShimmeringLayer.m */; };
		A0E42B7521F0F2D8003F06AF /* FBShimmeringView.m in Sources */ = {isa = PBXBuildFile; fileRef = A0E42B7121F0F2D8003F06AF /* FBShimmeringView.m */; };
		A0E42B7621F0F2D8003F06AF /* README.md in Resources */ = {isa = PBXBuildFile; fileRef = A0E42B7221F0F2D8003F06AF /* README.md */; };
		F09A34A3B776419996088BB5 /* Pods_SusiUITests.framework in Frameworks */ = {isa = PBXBuildFile; fileRef = 5994B8E49F09387802A1EB7A /* Pods_SusiUITests.framework */; };
/* End PBXBuildFile section */

/* Begin PBXContainerItemProxy section */
		6D215B971EB0BE7300CD2C1D /* PBXContainerItemProxy */ = {
			isa = PBXContainerItemProxy;
			containerPortal = 6D4D9B2F1E768E190067459C /* Project object */;
			proxyType = 1;
			remoteGlobalIDString = 6D4D9B361E768E190067459C;
			remoteInfo = Susi;
		};
/* End PBXContainerItemProxy section */

/* Begin PBXFileReference section */
		262BC7CF14D165C735BF16FA /* Pods-SusiUITests.debug.xcconfig */ = {isa = PBXFileReference; includeInIndex = 1; lastKnownFileType = text.xcconfig; name = "Pods-SusiUITests.debug.xcconfig"; path = "Pods/Target Support Files/Pods-SusiUITests/Pods-SusiUITests.debug.xcconfig"; sourceTree = "<group>"; };
		3BC1D8D3203B177E003E62F9 /* noConnectionViewController.swift */ = {isa = PBXFileReference; fileEncoding = 4; lastKnownFileType = sourcecode.swift; path = noConnectionViewController.swift; sourceTree = "<group>"; };
		3BC1D8D4203B177E003E62F9 /* noConnectionNetworkStatus.swift */ = {isa = PBXFileReference; fileEncoding = 4; lastKnownFileType = sourcecode.swift; path = noConnectionNetworkStatus.swift; sourceTree = "<group>"; };
		40172A8420ECAA49006B462C /* YouTubePlayerCell.swift */ = {isa = PBXFileReference; lastKnownFileType = sourcecode.swift; path = YouTubePlayerCell.swift; sourceTree = "<group>"; };
		403E7F4120BCBCFB00D7B48B /* DevicesActivityViewController.swift */ = {isa = PBXFileReference; lastKnownFileType = sourcecode.swift; path = DevicesActivityViewController.swift; sourceTree = "<group>"; };
		405C463720E0D3750091A78E /* DeviceActivityMethods.swift */ = {isa = PBXFileReference; lastKnownFileType = sourcecode.swift; path = DeviceActivityMethods.swift; sourceTree = "<group>"; };
		40623B7E20D243910013FE60 /* Ratings.swift */ = {isa = PBXFileReference; lastKnownFileType = sourcecode.swift; path = Ratings.swift; sourceTree = "<group>"; };
		406482FF20FCF3220014EB47 /* PlayerViewController.swift */ = {isa = PBXFileReference; lastKnownFileType = sourcecode.swift; path = PlayerViewController.swift; sourceTree = "<group>"; };
		406F100520ADFEED00808E4C /* OnboardingUITests.swift */ = {isa = PBXFileReference; lastKnownFileType = sourcecode.swift; path = OnboardingUITests.swift; sourceTree = "<group>"; };
		406F8B9F20EE72CA00D9C6AC /* VideoPlayAction.swift */ = {isa = PBXFileReference; lastKnownFileType = sourcecode.swift; path = VideoPlayAction.swift; sourceTree = "<group>"; };
		40701E7E20BEAC8100B92D81 /* RatingView.swift */ = {isa = PBXFileReference; lastKnownFileType = sourcecode.swift; path = RatingView.swift; sourceTree = "<group>"; };
		4075B35E210E3CAC00672C6A /* RoomPickerController.swift */ = {isa = PBXFileReference; lastKnownFileType = sourcecode.swift; path = RoomPickerController.swift; sourceTree = "<group>"; };
		40799A7520BBAD9800271718 /* DeviceInstructionsViewController.swift */ = {isa = PBXFileReference; lastKnownFileType = sourcecode.swift; path = DeviceInstructionsViewController.swift; sourceTree = "<group>"; };
		407ED1DA20BEC6C3007AEE34 /* DesignableView.swift */ = {isa = PBXFileReference; lastKnownFileType = sourcecode.swift; path = DesignableView.swift; sourceTree = "<group>"; };
		407EFABF20C34C0000675A0B /* LanguagePickerController.swift */ = {isa = PBXFileReference; lastKnownFileType = sourcecode.swift; path = LanguagePickerController.swift; sourceTree = "<group>"; };
		40801EE220F33B4C0071860E /* VideoPlayerView.swift */ = {isa = PBXFileReference; lastKnownFileType = sourcecode.swift; path = VideoPlayerView.swift; sourceTree = "<group>"; };
		40801EE420F33BBB0071860E /* YTPlayer.html */ = {isa = PBXFileReference; fileEncoding = 4; lastKnownFileType = text.html; path = YTPlayer.html; sourceTree = "<group>"; };
		40D8881720CA9DB9006226EE /* TEABarChart.m */ = {isa = PBXFileReference; fileEncoding = 4; lastKnownFileType = sourcecode.c.objc; path = TEABarChart.m; sourceTree = "<group>"; };
		40D8881C20CA9DB9006226EE /* TEAChart.h */ = {isa = PBXFileReference; fileEncoding = 4; lastKnownFileType = sourcecode.c.h; path = TEAChart.h; sourceTree = "<group>"; };
		40D8881F20CA9DBA006226EE /* TEABarChart.h */ = {isa = PBXFileReference; fileEncoding = 4; lastKnownFileType = sourcecode.c.h; path = TEABarChart.h; sourceTree = "<group>"; };
		40DE743520E39E52003C0116 /* FeedbackDisplayCell.swift */ = {isa = PBXFileReference; lastKnownFileType = sourcecode.swift; path = FeedbackDisplayCell.swift; sourceTree = "<group>"; };
		40DE743820E49F3A003C0116 /* AllFeedbackViewController.swift */ = {isa = PBXFileReference; lastKnownFileType = sourcecode.swift; path = AllFeedbackViewController.swift; sourceTree = "<group>"; };
		40DE743B20E4F759003C0116 /* AllFeedbackCell.swift */ = {isa = PBXFileReference; lastKnownFileType = sourcecode.swift; path = AllFeedbackCell.swift; sourceTree = "<group>"; };
		40DE743D20E50281003C0116 /* Feedback.swift */ = {isa = PBXFileReference; lastKnownFileType = sourcecode.swift; path = Feedback.swift; sourceTree = "<group>"; };
		40F17FA720AC39F8008E7305 /* Images.swift */ = {isa = PBXFileReference; fileEncoding = 4; lastKnownFileType = sourcecode.swift; path = Images.swift; sourceTree = "<group>"; };
		40F17FAB20ACA28A008E7305 /* OnboardingViewController.swift */ = {isa = PBXFileReference; lastKnownFileType = sourcecode.swift; path = OnboardingViewController.swift; sourceTree = "<group>"; };
		40FB527420C037C6005D4ACD /* StopCell.swift */ = {isa = PBXFileReference; lastKnownFileType = sourcecode.swift; path = StopCell.swift; sourceTree = "<group>"; };
		4CD0AA5E1EDF2CB700BC8FD5 /* ControllerConstants.swift */ = {isa = PBXFileReference; fileEncoding = 4; lastKnownFileType = sourcecode.swift; path = ControllerConstants.swift; sourceTree = "<group>"; };
		5994B8E49F09387802A1EB7A /* Pods_SusiUITests.framework */ = {isa = PBXFileReference; explicitFileType = wrapper.framework; includeInIndex = 0; path = Pods_SusiUITests.framework; sourceTree = BUILT_PRODUCTS_DIR; };
		5BC83894DC5BB478E862B696 /* Pods-Susi.release.xcconfig */ = {isa = PBXFileReference; includeInIndex = 1; lastKnownFileType = text.xcconfig; name = "Pods-Susi.release.xcconfig"; path = "Pods/Target Support Files/Pods-Susi/Pods-Susi.release.xcconfig"; sourceTree = "<group>"; };
		6D017B241F4EAF86004BDE7E /* SkillListingViewController.swift */ = {isa = PBXFileReference; fileEncoding = 4; lastKnownFileType = sourcecode.swift; path = SkillListingViewController.swift; sourceTree = "<group>"; };
		6D017B261F4EB641004BDE7E /* SkillListingVCMethods.swift */ = {isa = PBXFileReference; fileEncoding = 4; lastKnownFileType = sourcecode.swift; path = SkillListingVCMethods.swift; sourceTree = "<group>"; };
		6D017B281F4EC2D3004BDE7E /* SkillListingTableCell.swift */ = {isa = PBXFileReference; fileEncoding = 4; lastKnownFileType = sourcecode.swift; path = SkillListingTableCell.swift; sourceTree = "<group>"; };
		6D017B2A1F4EC941004BDE7E /* SkillListingCollectionView.swift */ = {isa = PBXFileReference; fileEncoding = 4; lastKnownFileType = sourcecode.swift; path = SkillListingCollectionView.swift; sourceTree = "<group>"; };
		6D017B2D1F4ECA90004BDE7E /* SkillCell.swift */ = {isa = PBXFileReference; fileEncoding = 4; lastKnownFileType = sourcecode.swift; path = SkillCell.swift; sourceTree = "<group>"; };
		6D017B2F1F4ED651004BDE7E /* Skill.swift */ = {isa = PBXFileReference; fileEncoding = 4; lastKnownFileType = sourcecode.swift; path = Skill.swift; sourceTree = "<group>"; };
		6D0B28DB1F3D55B100E273E1 /* ResetPasswordController.swift */ = {isa = PBXFileReference; fileEncoding = 4; lastKnownFileType = sourcecode.swift; path = ResetPasswordController.swift; sourceTree = "<group>"; };
		6D0B28DD1F3D873D00E273E1 /* ResetPasswordVCMethods.swift */ = {isa = PBXFileReference; fileEncoding = 4; lastKnownFileType = sourcecode.swift; path = ResetPasswordVCMethods.swift; sourceTree = "<group>"; };
		6D0B28DF1F3D8F6300E273E1 /* CustomTextField.swift */ = {isa = PBXFileReference; fileEncoding = 4; lastKnownFileType = sourcecode.swift; path = CustomTextField.swift; sourceTree = "<group>"; };
		6D0B9CEC1F2CF75B0060262A /* SettingsVCMethods.swift */ = {isa = PBXFileReference; fileEncoding = 4; lastKnownFileType = sourcecode.swift; path = SettingsVCMethods.swift; sourceTree = "<group>"; };
		6D0DB6231EE41D1000AD030D /* ChatVCMethods.swift */ = {isa = PBXFileReference; fileEncoding = 4; lastKnownFileType = sourcecode.swift; path = ChatVCMethods.swift; sourceTree = "<group>"; };
		6D0DB6251EE4272300AD030D /* OutgoingChatCell.swift */ = {isa = PBXFileReference; fileEncoding = 4; lastKnownFileType = sourcecode.swift; path = OutgoingChatCell.swift; sourceTree = "<group>"; };
		6D0DB6271EE436FC00AD030D /* IncomingChatCell.swift */ = {isa = PBXFileReference; fileEncoding = 4; lastKnownFileType = sourcecode.swift; path = IncomingChatCell.swift; sourceTree = "<group>"; };
		6D215B921EB0BE7300CD2C1D /* SusiUITests.xctest */ = {isa = PBXFileReference; explicitFileType = wrapper.cfbundle; includeInIndex = 0; path = SusiUITests.xctest; sourceTree = BUILT_PRODUCTS_DIR; };
		6D215B941EB0BE7300CD2C1D /* AuthenticationUITests.swift */ = {isa = PBXFileReference; lastKnownFileType = sourcecode.swift; path = AuthenticationUITests.swift; sourceTree = "<group>"; };
		6D215B961EB0BE7300CD2C1D /* Info.plist */ = {isa = PBXFileReference; lastKnownFileType = text.plist.xml; path = Info.plist; sourceTree = "<group>"; };
		6D24B0891EE4079E0097418A /* LoginVCMethods.swift */ = {isa = PBXFileReference; fileEncoding = 4; lastKnownFileType = sourcecode.swift; path = LoginVCMethods.swift; sourceTree = "<group>"; };
		6D24B0951EE409DB0097418A /* SignUpVCMethods.swift */ = {isa = PBXFileReference; fileEncoding = 4; lastKnownFileType = sourcecode.swift; path = SignUpVCMethods.swift; sourceTree = "<group>"; };
		6D2898321F144E5C00B6151A /* SnowboyWrapper.mm */ = {isa = PBXFileReference; fileEncoding = 4; lastKnownFileType = sourcecode.cpp.objcpp; path = SnowboyWrapper.mm; sourceTree = "<group>"; };
		6D2898331F144E5C00B6151A /* common.res */ = {isa = PBXFileReference; lastKnownFileType = file; path = common.res; sourceTree = "<group>"; };
		6D2898341F144E5C00B6151A /* SnowboyWrapper.h */ = {isa = PBXFileReference; fileEncoding = 4; lastKnownFileType = sourcecode.c.h; path = SnowboyWrapper.h; sourceTree = "<group>"; };
		6D2898361F144E5C00B6151A /* snowboy-detect.h */ = {isa = PBXFileReference; fileEncoding = 4; lastKnownFileType = sourcecode.c.h; path = "snowboy-detect.h"; sourceTree = "<group>"; };
		6D2898381F144E5C00B6151A /* libsnowboy-detect.a */ = {isa = PBXFileReference; lastKnownFileType = archive.ar; path = "libsnowboy-detect.a"; sourceTree = "<group>"; };
		6D28983D1F144E7300B6151A /* libsnowboy-detect.a */ = {isa = PBXFileReference; lastKnownFileType = archive.ar; name = "libsnowboy-detect.a"; path = "../../Desktop/libsnowboy-detect.a"; sourceTree = "<group>"; };
		6D2898411F144FFF00B6151A /* Susi-Bridging-Header.h */ = {isa = PBXFileReference; lastKnownFileType = sourcecode.c.h; path = "Susi-Bridging-Header.h"; sourceTree = "<group>"; };
		6D2898441F1450AC00B6151A /* snowboy-detect.h */ = {isa = PBXFileReference; lastKnownFileType = sourcecode.c.h; name = "snowboy-detect.h"; path = "../../Desktop/snowboy-detect.h"; sourceTree = "<group>"; };
		6D2F984A1E76DF2200FE2B6F /* BaseCell.swift */ = {isa = PBXFileReference; fileEncoding = 4; lastKnownFileType = sourcecode.swift; path = BaseCell.swift; sourceTree = "<group>"; };
		6D35E4871EE70F9000188E1F /* Accelerate.framework */ = {isa = PBXFileReference; lastKnownFileType = wrapper.framework; name = Accelerate.framework; path = System/Library/Frameworks/Accelerate.framework; sourceTree = SDKROOT; };
		6D35E4891EE70F9C00188E1F /* libsnowboy-detect.a */ = {isa = PBXFileReference; lastKnownFileType = archive.ar; name = "libsnowboy-detect.a"; path = "../../Downloads/libsnowboy-detect.a"; sourceTree = "<group>"; };
		6D395D1C1F58966900BCC3C5 /* SkillDetailExampleCell.swift */ = {isa = PBXFileReference; fileEncoding = 4; lastKnownFileType = sourcecode.swift; path = SkillDetailExampleCell.swift; sourceTree = "<group>"; };
		6D395D1E1F589CC000BCC3C5 /* SkillDetailVCMethods.swift */ = {isa = PBXFileReference; fileEncoding = 4; lastKnownFileType = sourcecode.swift; path = SkillDetailVCMethods.swift; sourceTree = "<group>"; };
		6D395D201F589CFE00BCC3C5 /* SkillDetailVCCollectionView.swift */ = {isa = PBXFileReference; fileEncoding = 4; lastKnownFileType = sourcecode.swift; path = SkillDetailVCCollectionView.swift; sourceTree = "<group>"; };
		6D3DACC41F25FB9900CEFBC7 /* ActivityIndicatorCell.swift */ = {isa = PBXFileReference; fileEncoding = 4; lastKnownFileType = sourcecode.swift; path = ActivityIndicatorCell.swift; sourceTree = "<group>"; };
		6D3E82451E7953B200D48776 /* SettingsViewController.swift */ = {isa = PBXFileReference; fileEncoding = 4; lastKnownFileType = sourcecode.swift; path = SettingsViewController.swift; sourceTree = "<group>"; };
		6D3FB3481E813B900015E1D6 /* ChatMessageCell.swift */ = {isa = PBXFileReference; fileEncoding = 4; lastKnownFileType = sourcecode.swift; path = ChatMessageCell.swift; sourceTree = "<group>"; };
		6D4758591F5625740067B3A4 /* susi.pmdl */ = {isa = PBXFileReference; lastKnownFileType = file; path = susi.pmdl; sourceTree = "<group>"; };
		6D4D9B371E768E190067459C /* Susi.app */ = {isa = PBXFileReference; explicitFileType = wrapper.application; includeInIndex = 0; path = Susi.app; sourceTree = BUILT_PRODUCTS_DIR; };
		6D4D9B3A1E768E190067459C /* AppDelegate.swift */ = {isa = PBXFileReference; lastKnownFileType = sourcecode.swift; path = AppDelegate.swift; sourceTree = "<group>"; };
		6D4D9B411E768E190067459C /* Assets.xcassets */ = {isa = PBXFileReference; lastKnownFileType = folder.assetcatalog; path = Assets.xcassets; sourceTree = "<group>"; };
		6D4D9B441E768E190067459C /* Base */ = {isa = PBXFileReference; lastKnownFileType = file.storyboard; name = Base; path = Base.lproj/LaunchScreen.storyboard; sourceTree = "<group>"; };
		6D4D9B461E768E190067459C /* Info.plist */ = {isa = PBXFileReference; lastKnownFileType = text.plist.xml; path = Info.plist; sourceTree = "<group>"; };
		6D4D9B4C1E768E650067459C /* LoginViewController.swift */ = {isa = PBXFileReference; fileEncoding = 4; lastKnownFileType = sourcecode.swift; path = LoginViewController.swift; sourceTree = "<group>"; };
		6D4D9B531E7690160067459C /* Extensions.swift */ = {isa = PBXFileReference; fileEncoding = 4; lastKnownFileType = sourcecode.swift; path = Extensions.swift; sourceTree = "<group>"; };
		6D58707E1F0A30A300EFFF0C /* AnonymousModeUITests.swift */ = {isa = PBXFileReference; fileEncoding = 4; lastKnownFileType = sourcecode.swift; path = AnonymousModeUITests.swift; sourceTree = "<group>"; };
		6D5DDFF51F3378D80078BB97 /* TrainingViewController.swift */ = {isa = PBXFileReference; fileEncoding = 4; lastKnownFileType = sourcecode.swift; path = TrainingViewController.swift; sourceTree = "<group>"; };
		6D61B9AA1EEBAA3900CD3536 /* Message.swift */ = {isa = PBXFileReference; fileEncoding = 4; lastKnownFileType = sourcecode.swift; path = Message.swift; sourceTree = "<group>"; };
		6D61B9AC1EEBAAA200CD3536 /* AnswerAction.swift */ = {isa = PBXFileReference; fileEncoding = 4; lastKnownFileType = sourcecode.swift; path = AnswerAction.swift; sourceTree = "<group>"; };
		6D61B9AE1EEBAAD700CD3536 /* RSSAction.swift */ = {isa = PBXFileReference; fileEncoding = 4; lastKnownFileType = sourcecode.swift; path = RSSAction.swift; sourceTree = "<group>"; };
		6D61B9B01EEBAB0200CD3536 /* WebsearchAction.swift */ = {isa = PBXFileReference; fileEncoding = 4; lastKnownFileType = sourcecode.swift; path = WebsearchAction.swift; sourceTree = "<group>"; };
		6D61B9B21EEBAB4000CD3536 /* TableAction.swift */ = {isa = PBXFileReference; fileEncoding = 4; lastKnownFileType = sourcecode.swift; path = TableAction.swift; sourceTree = "<group>"; };
		6D61B9B41EEBAB6000CD3536 /* AnchorAction.swift */ = {isa = PBXFileReference; fileEncoding = 4; lastKnownFileType = sourcecode.swift; path = AnchorAction.swift; sourceTree = "<group>"; };
		6D61B9B61EEBAB7000CD3536 /* MapAction.swift */ = {isa = PBXFileReference; fileEncoding = 4; lastKnownFileType = sourcecode.swift; path = MapAction.swift; sourceTree = "<group>"; };
		6D6F90471F4AF30800C84137 /* LongPressToCopyTextView.swift */ = {isa = PBXFileReference; fileEncoding = 4; lastKnownFileType = sourcecode.swift; path = LongPressToCopyTextView.swift; sourceTree = "<group>"; };
		6D7CE2E11F40255700C6353F /* ImageCell.swift */ = {isa = PBXFileReference; fileEncoding = 4; lastKnownFileType = sourcecode.swift; path = ImageCell.swift; sourceTree = "<group>"; };
		6D87A32D1EEE54CC00A6D763 /* WebsearchCollectionView.swift */ = {isa = PBXFileReference; fileEncoding = 4; lastKnownFileType = sourcecode.swift; path = WebsearchCollectionView.swift; sourceTree = "<group>"; };
		6D87A32F1EEE557000A6D763 /* WebsearchCell.swift */ = {isa = PBXFileReference; fileEncoding = 4; lastKnownFileType = sourcecode.swift; path = WebsearchCell.swift; sourceTree = "<group>"; };
		6D87A3311EEE86CC00A6D763 /* RSSCell.swift */ = {isa = PBXFileReference; fileEncoding = 4; lastKnownFileType = sourcecode.swift; path = RSSCell.swift; sourceTree = "<group>"; };
		6D8AC7B91F205F7F00FAA335 /* CollectionViewDelegate.swift */ = {isa = PBXFileReference; fileEncoding = 4; lastKnownFileType = sourcecode.swift; path = CollectionViewDelegate.swift; sourceTree = "<group>"; };
		6D8DF3EF1F0A2CAF0070DE1D /* ForgotPasswordUITests.swift */ = {isa = PBXFileReference; fileEncoding = 4; lastKnownFileType = sourcecode.swift; path = ForgotPasswordUITests.swift; sourceTree = "<group>"; };
		6D9C0D281E7B223A00199828 /* User.swift */ = {isa = PBXFileReference; fileEncoding = 4; lastKnownFileType = sourcecode.swift; path = User.swift; sourceTree = "<group>"; };
		6DAF3AF51F0E101200929D86 /* Main.storyboard */ = {isa = PBXFileReference; fileEncoding = 4; lastKnownFileType = file.storyboard; path = Main.storyboard; sourceTree = "<group>"; };
		6DB4403F1F55FA4F00C2A405 /* SkillDetailViewController.swift */ = {isa = PBXFileReference; fileEncoding = 4; lastKnownFileType = sourcecode.swift; path = SkillDetailViewController.swift; sourceTree = "<group>"; };
		6DCA905B1F1F09910058CABB /* LocationDelegate.swift */ = {isa = PBXFileReference; fileEncoding = 4; lastKnownFileType = sourcecode.swift; path = LocationDelegate.swift; sourceTree = "<group>"; };
		6DCA90611F1F0AD70058CABB /* AudioRecorderDelegate.swift */ = {isa = PBXFileReference; fileEncoding = 4; lastKnownFileType = sourcecode.swift; path = AudioRecorderDelegate.swift; sourceTree = "<group>"; };
		6DCA90631F1F0B320058CABB /* TextFieldDelegate.swift */ = {isa = PBXFileReference; fileEncoding = 4; lastKnownFileType = sourcecode.swift; path = TextFieldDelegate.swift; sourceTree = "<group>"; };
		6DCA90651F1F0B660058CABB /* SpeechRecognizerDelegate.swift */ = {isa = PBXFileReference; fileEncoding = 4; lastKnownFileType = sourcecode.swift; path = SpeechRecognizerDelegate.swift; sourceTree = "<group>"; };
		6DD3F0921F0A62FC00BD7AC9 /* ChatUITests.swift */ = {isa = PBXFileReference; fileEncoding = 4; lastKnownFileType = sourcecode.swift; path = ChatUITests.swift; sourceTree = "<group>"; };
		6DD5030D1F36656C008388E4 /* SpeechRecognitionDelegate.swift */ = {isa = PBXFileReference; fileEncoding = 4; lastKnownFileType = sourcecode.swift; path = SpeechRecognitionDelegate.swift; sourceTree = "<group>"; };
		6DE002581F3FF5140065DB85 /* MapCell.swift */ = {isa = PBXFileReference; fileEncoding = 4; lastKnownFileType = sourcecode.swift; path = MapCell.swift; sourceTree = "<group>"; };
		6DE0025A1F3FF93A0065DB85 /* AnchorCell.swift */ = {isa = PBXFileReference; fileEncoding = 4; lastKnownFileType = sourcecode.swift; path = AnchorCell.swift; sourceTree = "<group>"; };
		6DE264901F0278A900EBAD13 /* Speech.framework */ = {isa = PBXFileReference; lastKnownFileType = wrapper.framework; name = Speech.framework; path = System/Library/Frameworks/Speech.framework; sourceTree = SDKROOT; };
		6DE44E0E1E769AD300215B85 /* Color.swift */ = {isa = PBXFileReference; fileEncoding = 4; lastKnownFileType = sourcecode.swift; path = Color.swift; sourceTree = "<group>"; };
		6DE44E101E76ACAF00215B85 /* Client.swift */ = {isa = PBXFileReference; fileEncoding = 4; lastKnownFileType = sourcecode.swift; path = Client.swift; sourceTree = "<group>"; };
		6DE44E141E76ACD900215B85 /* Constants.swift */ = {isa = PBXFileReference; fileEncoding = 4; lastKnownFileType = sourcecode.swift; path = Constants.swift; sourceTree = "<group>"; };
		6DE44E151E76ACD900215B85 /* Convenience.swift */ = {isa = PBXFileReference; fileEncoding = 4; lastKnownFileType = sourcecode.swift; path = Convenience.swift; sourceTree = "<group>"; };
		6DE44E181E76AF8100215B85 /* ChatViewController.swift */ = {isa = PBXFileReference; fileEncoding = 4; lastKnownFileType = sourcecode.swift; path = ChatViewController.swift; sourceTree = "<group>"; };
		6DE44E1A1E76B5D600215B85 /* SignUpViewController.swift */ = {isa = PBXFileReference; fileEncoding = 4; lastKnownFileType = sourcecode.swift; path = SignUpViewController.swift; sourceTree = "<group>"; };
		6DE809CE1F34DC1D00CAE674 /* TrainingVCMethods.swift */ = {isa = PBXFileReference; fileEncoding = 4; lastKnownFileType = sourcecode.swift; path = TrainingVCMethods.swift; sourceTree = "<group>"; };
		6DE809D01F34DC6500CAE674 /* TrainingAudioRecorderDelegate.swift */ = {isa = PBXFileReference; fileEncoding = 4; lastKnownFileType = sourcecode.swift; path = TrainingAudioRecorderDelegate.swift; sourceTree = "<group>"; };
		6DEE71111F2C9DC900A512CF /* AppNavigationController.swift */ = {isa = PBXFileReference; fileEncoding = 4; lastKnownFileType = sourcecode.swift; path = AppNavigationController.swift; sourceTree = "<group>"; };
		6DFC75B81EE077E9002F92BA /* ForgotPasswordViewController.swift */ = {isa = PBXFileReference; fileEncoding = 4; lastKnownFileType = sourcecode.swift; path = ForgotPasswordViewController.swift; sourceTree = "<group>"; };
		80183F6E21D170BB00859F72 /* AboutVCMethods.swift */ = {isa = PBXFileReference; lastKnownFileType = sourcecode.swift; path = AboutVCMethods.swift; sourceTree = "<group>"; };
		807A754321D143A1008D4032 /* AboutViewController.swift */ = {isa = PBXFileReference; lastKnownFileType = sourcecode.swift; path = AboutViewController.swift; sourceTree = "<group>"; };
		94889CA51F7CCD370028B8C3 /* GeneralViewController.swift */ = {isa = PBXFileReference; lastKnownFileType = sourcecode.swift; path = GeneralViewController.swift; sourceTree = "<group>"; };
		94889CAF1F7CEAA80028B8C3 /* en */ = {isa = PBXFileReference; lastKnownFileType = text.plist.strings; name = en; path = en.lproj/Localizable.strings; sourceTree = "<group>"; };
		94889CB11F7CEAAA0028B8C3 /* ru */ = {isa = PBXFileReference; lastKnownFileType = text.plist.strings; name = ru; path = ru.lproj/Localizable.strings; sourceTree = "<group>"; };
		A078553387742A62D98A8C3F /* Pods-Susi.debug.xcconfig */ = {isa = PBXFileReference; includeInIndex = 1; lastKnownFileType = text.xcconfig; name = "Pods-Susi.debug.xcconfig"; path = "Pods/Target Support Files/Pods-Susi/Pods-Susi.debug.xcconfig"; sourceTree = "<group>"; };
		A0DEC06D21E0F40300659A5B /* SelectLanguageViewController.swift */ = {isa = PBXFileReference; fileEncoding = 4; lastKnownFileType = sourcecode.swift; path = SelectLanguageViewController.swift; sourceTree = "<group>"; };
		A0DEC06F21E0F41300659A5B /* LanguageModel.swift */ = {isa = PBXFileReference; fileEncoding = 4; lastKnownFileType = sourcecode.swift; path = LanguageModel.swift; sourceTree = "<group>"; };
		A0E42B6B21F0F2D8003F06AF /* LICENSE */ = {isa = PBXFileReference; fileEncoding = 4; lastKnownFileType = text; path = LICENSE; sourceTree = "<group>"; };
		A0E42B6D21F0F2D8003F06AF /* FBShimmering.h */ = {isa = PBXFileReference; fileEncoding = 4; lastKnownFileType = sourcecode.c.h; path = FBShimmering.h; sourceTree = "<group>"; };
		A0E42B6E21F0F2D8003F06AF /* FBShimmeringLayer.h */ = {isa = PBXFileReference; fileEncoding = 4; lastKnownFileType = sourcecode.c.h; path = FBShimmeringLayer.h; sourceTree = "<group>"; };
		A0E42B6F21F0F2D8003F06AF /* FBShimmeringView.h */ = {isa = PBXFileReference; fileEncoding = 4; lastKnownFileType = sourcecode.c.h; path = FBShimmeringView.h; sourceTree = "<group>"; };
		A0E42B7021F0F2D8003F06AF /* FBShimmeringLayer.m */ = {isa = PBXFileReference; fileEncoding = 4; lastKnownFileType = sourcecode.c.objc; path = FBShimmeringLayer.m; sourceTree = "<group>"; };
		A0E42B7121F0F2D8003F06AF /* FBShimmeringView.m */ = {isa = PBXFileReference; fileEncoding = 4; lastKnownFileType = sourcecode.c.objc; path = FBShimmeringView.m; sourceTree = "<group>"; };
		A0E42B7221F0F2D8003F06AF /* README.md */ = {isa = PBXFileReference; fileEncoding = 4; lastKnownFileType = net.daringfireball.markdown; path = README.md; sourceTree = "<group>"; };
		C564B012515FE5529232089A /* Pods_Susi.framework */ = {isa = PBXFileReference; explicitFileType = wrapper.framework; includeInIndex = 0; path = Pods_Susi.framework; sourceTree = BUILT_PRODUCTS_DIR; };
		C949F9C701CBA7B848521A51 /* Pods-SusiUITests.release.xcconfig */ = {isa = PBXFileReference; includeInIndex = 1; lastKnownFileType = text.xcconfig; name = "Pods-SusiUITests.release.xcconfig"; path = "Pods/Target Support Files/Pods-SusiUITests/Pods-SusiUITests.release.xcconfig"; sourceTree = "<group>"; };
/* End PBXFileReference section */

/* Begin PBXFrameworksBuildPhase section */
		6D215B8F1EB0BE7300CD2C1D /* Frameworks */ = {
			isa = PBXFrameworksBuildPhase;
			buildActionMask = 2147483647;
			files = (
				F09A34A3B776419996088BB5 /* Pods_SusiUITests.framework in Frameworks */,
			);
			runOnlyForDeploymentPostprocessing = 0;
		};
		6D4D9B341E768E190067459C /* Frameworks */ = {
			isa = PBXFrameworksBuildPhase;
			buildActionMask = 2147483647;
			files = (
				6D2898421F14507700B6151A /* libsnowboy-detect.a in Frameworks */,
				6DE264911F0278A900EBAD13 /* Speech.framework in Frameworks */,
				6D35E4881EE70F9000188E1F /* Accelerate.framework in Frameworks */,
				71DF0561EA8079C5C53174C1 /* Pods_Susi.framework in Frameworks */,
			);
			runOnlyForDeploymentPostprocessing = 0;
		};
/* End PBXFrameworksBuildPhase section */

/* Begin PBXGroup section */
		403E7F4320BCBD1100D7B48B /* DevicesActivityController */ = {
			isa = PBXGroup;
			children = (
				403E7F4120BCBCFB00D7B48B /* DevicesActivityViewController.swift */,
				405C463720E0D3750091A78E /* DeviceActivityMethods.swift */,
			);
			path = DevicesActivityController;
			sourceTree = "<group>";
		};
		406482FE20FCF2EF0014EB47 /* PlayerViewController */ = {
			isa = PBXGroup;
			children = (
				406482FF20FCF3220014EB47 /* PlayerViewController.swift */,
			);
			path = PlayerViewController;
			sourceTree = "<group>";
		};
		4075B360210E3CB300672C6A /* RoomPickerController */ = {
			isa = PBXGroup;
			children = (
				4075B35E210E3CAC00672C6A /* RoomPickerController.swift */,
			);
			path = RoomPickerController;
			sourceTree = "<group>";
		};
		40799A7720BBAD9F00271718 /* DeviceInstructionsViewController */ = {
			isa = PBXGroup;
			children = (
				40799A7520BBAD9800271718 /* DeviceInstructionsViewController.swift */,
			);
			path = DeviceInstructionsViewController;
			sourceTree = "<group>";
		};
		407EFAC120C34C1D00675A0B /* LanguagePickerController */ = {
			isa = PBXGroup;
			children = (
				407EFABF20C34C0000675A0B /* LanguagePickerController.swift */,
			);
			path = LanguagePickerController;
			sourceTree = "<group>";
		};
		40801EE120F33B170071860E /* Youtube-Player */ = {
			isa = PBXGroup;
			children = (
				40801EE220F33B4C0071860E /* VideoPlayerView.swift */,
				40801EE420F33BBB0071860E /* YTPlayer.html */,
			);
			path = "Youtube-Player";
			sourceTree = "<group>";
		};
		40D8882620CA9DD1006226EE /* TeaChart */ = {
			isa = PBXGroup;
			children = (
				40D8881F20CA9DBA006226EE /* TEABarChart.h */,
				40D8881720CA9DB9006226EE /* TEABarChart.m */,
				40D8881C20CA9DB9006226EE /* TEAChart.h */,
			);
			path = TeaChart;
			sourceTree = "<group>";
		};
		40DE743720E3A182003C0116 /* Feedback Display Cell */ = {
			isa = PBXGroup;
			children = (
				40DE743520E39E52003C0116 /* FeedbackDisplayCell.swift */,
				40DE743B20E4F759003C0116 /* AllFeedbackCell.swift */,
			);
			path = "Feedback Display Cell";
			sourceTree = "<group>";
		};
		40DE743A20E49F48003C0116 /* AllFeedbackController */ = {
			isa = PBXGroup;
			children = (
				40DE743820E49F3A003C0116 /* AllFeedbackViewController.swift */,
			);
			path = AllFeedbackController;
			sourceTree = "<group>";
		};
		40F17FAD20ACA296008E7305 /* OnboardingViewController */ = {
			isa = PBXGroup;
			children = (
				40F17FAB20ACA28A008E7305 /* OnboardingViewController.swift */,
			);
			path = OnboardingViewController;
			sourceTree = "<group>";
		};
		60718B0807D9008B495F2F1A /* Pods */ = {
			isa = PBXGroup;
			children = (
				A078553387742A62D98A8C3F /* Pods-Susi.debug.xcconfig */,
				5BC83894DC5BB478E862B696 /* Pods-Susi.release.xcconfig */,
				262BC7CF14D165C735BF16FA /* Pods-SusiUITests.debug.xcconfig */,
				C949F9C701CBA7B848521A51 /* Pods-SusiUITests.release.xcconfig */,
			);
			name = Pods;
			sourceTree = "<group>";
		};
		6D017B231F4EAF64004BDE7E /* SkillListingViewController */ = {
			isa = PBXGroup;
			children = (
				3BC1D8D4203B177E003E62F9 /* noConnectionNetworkStatus.swift */,
				3BC1D8D3203B177E003E62F9 /* noConnectionViewController.swift */,
				6D017B261F4EB641004BDE7E /* SkillListingVCMethods.swift */,
				6D017B241F4EAF86004BDE7E /* SkillListingViewController.swift */,
			);
			path = SkillListingViewController;
			sourceTree = "<group>";
		};
		6D017B2C1F4EC98E004BDE7E /* Skill Listing Cells */ = {
			isa = PBXGroup;
			children = (
				6D017B2D1F4ECA90004BDE7E /* SkillCell.swift */,
				6D395D1C1F58966900BCC3C5 /* SkillDetailExampleCell.swift */,
				6D017B2A1F4EC941004BDE7E /* SkillListingCollectionView.swift */,
				6D017B281F4EC2D3004BDE7E /* SkillListingTableCell.swift */,
			);
			path = "Skill Listing Cells";
			sourceTree = "<group>";
		};
		6D0B28DA1F3D558300E273E1 /* ResetPasswordController */ = {
			isa = PBXGroup;
			children = (
				6D0B28DB1F3D55B100E273E1 /* ResetPasswordController.swift */,
				6D0B28DD1F3D873D00E273E1 /* ResetPasswordVCMethods.swift */,
			);
			path = ResetPasswordController;
			sourceTree = "<group>";
		};
		6D215B931EB0BE7300CD2C1D /* SusiUITests */ = {
			isa = PBXGroup;
			children = (
				406F100520ADFEED00808E4C /* OnboardingUITests.swift */,
				6D58707E1F0A30A300EFFF0C /* AnonymousModeUITests.swift */,
				6D215B941EB0BE7300CD2C1D /* AuthenticationUITests.swift */,
				6DD3F0921F0A62FC00BD7AC9 /* ChatUITests.swift */,
				6D8DF3EF1F0A2CAF0070DE1D /* ForgotPasswordUITests.swift */,
				6D215B961EB0BE7300CD2C1D /* Info.plist */,
			);
			path = SusiUITests;
			sourceTree = "<group>";
		};
		6D24B0881EE407760097418A /* LoginController */ = {
			isa = PBXGroup;
			children = (
				6D24B0891EE4079E0097418A /* LoginVCMethods.swift */,
				6D4D9B4C1E768E650067459C /* LoginViewController.swift */,
			);
			path = LoginController;
			sourceTree = "<group>";
		};
		6D24B08D1EE408F10097418A /* ForgotPasswordController */ = {
			isa = PBXGroup;
			children = (
				6DFC75B81EE077E9002F92BA /* ForgotPasswordViewController.swift */,
			);
			path = ForgotPasswordController;
			sourceTree = "<group>";
		};
		6D24B0921EE409860097418A /* SignUpController */ = {
			isa = PBXGroup;
			children = (
				6D24B0951EE409DB0097418A /* SignUpVCMethods.swift */,
				6DE44E1A1E76B5D600215B85 /* SignUpViewController.swift */,
			);
			path = SignUpController;
			sourceTree = "<group>";
		};
		6D24B0971EE411A40097418A /* ChatViewController */ = {
			isa = PBXGroup;
			children = (
				6DCA90611F1F0AD70058CABB /* AudioRecorderDelegate.swift */,
				6D0DB6231EE41D1000AD030D /* ChatVCMethods.swift */,
				6DE44E181E76AF8100215B85 /* ChatViewController.swift */,
				6D8AC7B91F205F7F00FAA335 /* CollectionViewDelegate.swift */,
				6DCA905B1F1F09910058CABB /* LocationDelegate.swift */,
				6DCA90651F1F0B660058CABB /* SpeechRecognizerDelegate.swift */,
				6DCA90631F1F0B320058CABB /* TextFieldDelegate.swift */,
			);
			path = ChatViewController;
			sourceTree = "<group>";
		};
		6D2F98471E76DED400FE2B6F /* Custom Views */ = {
			isa = PBXGroup;
			children = (
				40D8882620CA9DD1006226EE /* TeaChart */,
				6D3FB3471E8136640015E1D6 /* Message Cells */,
				6D017B2C1F4EC98E004BDE7E /* Skill Listing Cells */,
				40DE743720E3A182003C0116 /* Feedback Display Cell */,
				6D0B28DF1F3D8F6300E273E1 /* CustomTextField.swift */,
				6D6F90471F4AF30800C84137 /* LongPressToCopyTextView.swift */,
				6D87A32D1EEE54CC00A6D763 /* WebsearchCollectionView.swift */,
				40701E7E20BEAC8100B92D81 /* RatingView.swift */,
				407ED1DA20BEC6C3007AEE34 /* DesignableView.swift */,
			);
			path = "Custom Views";
			sourceTree = "<group>";
		};
		6D35E4811EE70F4700188E1F /* Snowboy Files */ = {
			isa = PBXGroup;
			children = (
				6D2898341F144E5C00B6151A /* SnowboyWrapper.h */,
				6D2898321F144E5C00B6151A /* SnowboyWrapper.mm */,
				6D2898411F144FFF00B6151A /* Susi-Bridging-Header.h */,
				6D2898331F144E5C00B6151A /* common.res */,
				6D2898381F144E5C00B6151A /* libsnowboy-detect.a */,
				6D2898361F144E5C00B6151A /* snowboy-detect.h */,
				6D4758591F5625740067B3A4 /* susi.pmdl */,
			);
			path = "Snowboy Files";
			sourceTree = "<group>";
		};
		6D3FB3471E8136640015E1D6 /* Message Cells */ = {
			isa = PBXGroup;
			children = (
				6D3DACC41F25FB9900CEFBC7 /* ActivityIndicatorCell.swift */,
				6DE0025A1F3FF93A0065DB85 /* AnchorCell.swift */,
				6D2F984A1E76DF2200FE2B6F /* BaseCell.swift */,
				6D3FB3481E813B900015E1D6 /* ChatMessageCell.swift */,
				6D7CE2E11F40255700C6353F /* ImageCell.swift */,
				6D0DB6271EE436FC00AD030D /* IncomingChatCell.swift */,
				6DE002581F3FF5140065DB85 /* MapCell.swift */,
				6D0DB6251EE4272300AD030D /* OutgoingChatCell.swift */,
				6D87A3311EEE86CC00A6D763 /* RSSCell.swift */,
				6D87A32F1EEE557000A6D763 /* WebsearchCell.swift */,
				40FB527420C037C6005D4ACD /* StopCell.swift */,
				40172A8420ECAA49006B462C /* YouTubePlayerCell.swift */,
			);
			path = "Message Cells";
			sourceTree = "<group>";
		};
		6D4D9B2E1E768E190067459C = {
			isa = PBXGroup;
			children = (
				BD5FA220F268315B61F71523 /* Frameworks */,
				6D4D9B381E768E190067459C /* Products */,
				6D4D9B391E768E190067459C /* Susi */,
				6D215B931EB0BE7300CD2C1D /* SusiUITests */,
				60718B0807D9008B495F2F1A /* Pods */,
			);
			sourceTree = "<group>";
		};
		6D4D9B381E768E190067459C /* Products */ = {
			isa = PBXGroup;
			children = (
				6D4D9B371E768E190067459C /* Susi.app */,
				6D215B921EB0BE7300CD2C1D /* SusiUITests.xctest */,
			);
			name = Products;
			sourceTree = "<group>";
		};
		6D4D9B391E768E190067459C /* Susi */ = {
			isa = PBXGroup;
			children = (
				40801EE120F33B170071860E /* Youtube-Player */,
				94889CAB1F7CEA620028B8C3 /* Localization */,
				6D4D9B511E768F390067459C /* Assets */,
				6D4D9B501E768F2E0067459C /* Controllers */,
				6D2F98471E76DED400FE2B6F /* Custom Views */,
				6D4D9B521E768FF40067459C /* Helpers */,
				6DE44E121E76ACBA00215B85 /* Model */,
				6D35E4811EE70F4700188E1F /* Snowboy Files */,
				A0E42B6A21F0F2D8003F06AF /* Shimmer */,
				6DAF3AF41F0E0FF700929D86 /* Storyboards */,
				6D4D9B4F1E768F250067459C /* Supporting Files */,
			);
			path = Susi;
			sourceTree = "<group>";
		};
		6D4D9B4F1E768F250067459C /* Supporting Files */ = {
			isa = PBXGroup;
			children = (
				6D4D9B3A1E768E190067459C /* AppDelegate.swift */,
				6D4D9B461E768E190067459C /* Info.plist */,
			);
			path = "Supporting Files";
			sourceTree = "<group>";
		};
		6D4D9B501E768F2E0067459C /* Controllers */ = {
			isa = PBXGroup;
			children = (
				A0DEC06C21E0F40300659A5B /* SelectLanguageController */,
				807A754521D1639B008D4032 /* AboutViewController */,
				406482FE20FCF2EF0014EB47 /* PlayerViewController */,
				4075B360210E3CB300672C6A /* RoomPickerController */,
				40DE743A20E49F48003C0116 /* AllFeedbackController */,
				407EFAC120C34C1D00675A0B /* LanguagePickerController */,
				403E7F4320BCBD1100D7B48B /* DevicesActivityController */,
				40799A7720BBAD9F00271718 /* DeviceInstructionsViewController */,
				40F17FAD20ACA296008E7305 /* OnboardingViewController */,
				6D24B0971EE411A40097418A /* ChatViewController */,
				6D24B08D1EE408F10097418A /* ForgotPasswordController */,
				6D24B0881EE407760097418A /* LoginController */,
				6D0B28DA1F3D558300E273E1 /* ResetPasswordController */,
				6DEE71131F2CB03C00A512CF /* SettingsController */,
				6D24B0921EE409860097418A /* SignUpController */,
				6DB4403E1F55FA2800C2A405 /* SkillDetailViewController */,
				6D017B231F4EAF64004BDE7E /* SkillListingViewController */,
				6DE809CD1F34DBFD00CAE674 /* TrainingViewController */,
				6DEE71111F2C9DC900A512CF /* AppNavigationController.swift */,
				94889CA51F7CCD370028B8C3 /* GeneralViewController.swift */,
			);
			path = Controllers;
			sourceTree = "<group>";
		};
		6D4D9B511E768F390067459C /* Assets */ = {
			isa = PBXGroup;
			children = (
				6D4D9B411E768E190067459C /* Assets.xcassets */,
			);
			path = Assets;
			sourceTree = "<group>";
		};
		6D4D9B521E768FF40067459C /* Helpers */ = {
			isa = PBXGroup;
			children = (
				40F17FA720AC39F8008E7305 /* Images.swift */,
				6DE44E0E1E769AD300215B85 /* Color.swift */,
				4CD0AA5E1EDF2CB700BC8FD5 /* ControllerConstants.swift */,
				6D4D9B531E7690160067459C /* Extensions.swift */,
			);
			path = Helpers;
			sourceTree = "<group>";
		};
		6DAF3AF41F0E0FF700929D86 /* Storyboards */ = {
			isa = PBXGroup;
			children = (
				6D4D9B431E768E190067459C /* LaunchScreen.storyboard */,
				6DAF3AF51F0E101200929D86 /* Main.storyboard */,
			);
			path = Storyboards;
			sourceTree = "<group>";
		};
		6DB4403E1F55FA2800C2A405 /* SkillDetailViewController */ = {
			isa = PBXGroup;
			children = (
				6D395D201F589CFE00BCC3C5 /* SkillDetailVCCollectionView.swift */,
				6D395D1E1F589CC000BCC3C5 /* SkillDetailVCMethods.swift */,
				6DB4403F1F55FA4F00C2A405 /* SkillDetailViewController.swift */,
			);
			path = SkillDetailViewController;
			sourceTree = "<group>";
		};
		6DE44E121E76ACBA00215B85 /* Model */ = {
			isa = PBXGroup;
			children = (
				6DE44E131E76ACC200215B85 /* Client */,
				6D61B9B41EEBAB6000CD3536 /* AnchorAction.swift */,
				6D61B9AC1EEBAAA200CD3536 /* AnswerAction.swift */,
				6D61B9B61EEBAB7000CD3536 /* MapAction.swift */,
				A0DEC06F21E0F41300659A5B /* LanguageModel.swift */,
				6D61B9AA1EEBAA3900CD3536 /* Message.swift */,
				6D61B9AE1EEBAAD700CD3536 /* RSSAction.swift */,
				406F8B9F20EE72CA00D9C6AC /* VideoPlayAction.swift */,
				6D017B2F1F4ED651004BDE7E /* Skill.swift */,
				40DE743D20E50281003C0116 /* Feedback.swift */,
				6D61B9B21EEBAB4000CD3536 /* TableAction.swift */,
				6D9C0D281E7B223A00199828 /* User.swift */,
				6D61B9B01EEBAB0200CD3536 /* WebsearchAction.swift */,
				40623B7E20D243910013FE60 /* Ratings.swift */,
			);
			path = Model;
			sourceTree = "<group>";
		};
		6DE44E131E76ACC200215B85 /* Client */ = {
			isa = PBXGroup;
			children = (
				6DE44E101E76ACAF00215B85 /* Client.swift */,
				6DE44E141E76ACD900215B85 /* Constants.swift */,
				6DE44E151E76ACD900215B85 /* Convenience.swift */,
			);
			path = Client;
			sourceTree = "<group>";
		};
		6DE809CD1F34DBFD00CAE674 /* TrainingViewController */ = {
			isa = PBXGroup;
			children = (
				6DD5030D1F36656C008388E4 /* SpeechRecognitionDelegate.swift */,
				6DE809D01F34DC6500CAE674 /* TrainingAudioRecorderDelegate.swift */,
				6DE809CE1F34DC1D00CAE674 /* TrainingVCMethods.swift */,
				6D5DDFF51F3378D80078BB97 /* TrainingViewController.swift */,
			);
			path = TrainingViewController;
			sourceTree = "<group>";
		};
		6DEE71131F2CB03C00A512CF /* SettingsController */ = {
			isa = PBXGroup;
			children = (
				6D0B9CEC1F2CF75B0060262A /* SettingsVCMethods.swift */,
				6D3E82451E7953B200D48776 /* SettingsViewController.swift */,
			);
			path = SettingsController;
			sourceTree = "<group>";
		};
		807A754521D1639B008D4032 /* AboutViewController */ = {
			isa = PBXGroup;
			children = (
				807A754321D143A1008D4032 /* AboutViewController.swift */,
				80183F6E21D170BB00859F72 /* AboutVCMethods.swift */,
			);
			path = AboutViewController;
			sourceTree = "<group>";
		};
		94889CAB1F7CEA620028B8C3 /* Localization */ = {
			isa = PBXGroup;
			children = (
				94889CB01F7CEAA80028B8C3 /* Localizable.strings */,
			);
			path = Localization;
			sourceTree = "<group>";
		};
		A0DEC06C21E0F40300659A5B /* SelectLanguageController */ = {
			isa = PBXGroup;
			children = (
				A0DEC06D21E0F40300659A5B /* SelectLanguageViewController.swift */,
			);
			path = SelectLanguageController;
			sourceTree = "<group>";
		};
		A0E42B6A21F0F2D8003F06AF /* Shimmer */ = {
			isa = PBXGroup;
			children = (
				A0E42B6B21F0F2D8003F06AF /* LICENSE */,
				A0E42B6C21F0F2D8003F06AF /* FBShimmering */,
				A0E42B7221F0F2D8003F06AF /* README.md */,
			);
			path = Shimmer;
			sourceTree = "<group>";
		};
		A0E42B6C21F0F2D8003F06AF /* FBShimmering */ = {
			isa = PBXGroup;
			children = (
				A0E42B6D21F0F2D8003F06AF /* FBShimmering.h */,
				A0E42B6E21F0F2D8003F06AF /* FBShimmeringLayer.h */,
				A0E42B6F21F0F2D8003F06AF /* FBShimmeringView.h */,
				A0E42B7021F0F2D8003F06AF /* FBShimmeringLayer.m */,
				A0E42B7121F0F2D8003F06AF /* FBShimmeringView.m */,
			);
			path = FBShimmering;
			sourceTree = "<group>";
		};
		BD5FA220F268315B61F71523 /* Frameworks */ = {
			isa = PBXGroup;
			children = (
				6D2898441F1450AC00B6151A /* snowboy-detect.h */,
				6D28983D1F144E7300B6151A /* libsnowboy-detect.a */,
				6DE264901F0278A900EBAD13 /* Speech.framework */,
				6D35E4891EE70F9C00188E1F /* libsnowboy-detect.a */,
				6D35E4871EE70F9000188E1F /* Accelerate.framework */,
				C564B012515FE5529232089A /* Pods_Susi.framework */,
				5994B8E49F09387802A1EB7A /* Pods_SusiUITests.framework */,
			);
			name = Frameworks;
			sourceTree = "<group>";
		};
/* End PBXGroup section */

/* Begin PBXNativeTarget section */
		6D215B911EB0BE7300CD2C1D /* SusiUITests */ = {
			isa = PBXNativeTarget;
			buildConfigurationList = 6D215B991EB0BE7300CD2C1D /* Build configuration list for PBXNativeTarget "SusiUITests" */;
			buildPhases = (
				26E0E7E91FC4177744D0470D /* [CP] Check Pods Manifest.lock */,
				6D215B8E1EB0BE7300CD2C1D /* Sources */,
				6D215B8F1EB0BE7300CD2C1D /* Frameworks */,
				6D215B901EB0BE7300CD2C1D /* Resources */,
				B0C2866CE33C31CF9F8BA064 /* [CP] Embed Pods Frameworks */,
			);
			buildRules = (
			);
			dependencies = (
				6D215B981EB0BE7300CD2C1D /* PBXTargetDependency */,
			);
			name = SusiUITests;
			productName = SusiUITests;
			productReference = 6D215B921EB0BE7300CD2C1D /* SusiUITests.xctest */;
			productType = "com.apple.product-type.bundle.ui-testing";
		};
		6D4D9B361E768E190067459C /* Susi */ = {
			isa = PBXNativeTarget;
			buildConfigurationList = 6D4D9B491E768E190067459C /* Build configuration list for PBXNativeTarget "Susi" */;
			buildPhases = (
				1DF795BED88842246ED79C92 /* [CP] Check Pods Manifest.lock */,
				6D4D9B331E768E190067459C /* Sources */,
				6D4D9B341E768E190067459C /* Frameworks */,
				6D4D9B351E768E190067459C /* Resources */,
				945053A39E200D7E967B5153 /* [CP] Embed Pods Frameworks */,
			);
			buildRules = (
			);
			dependencies = (
			);
			name = Susi;
			productName = Susi;
			productReference = 6D4D9B371E768E190067459C /* Susi.app */;
			productType = "com.apple.product-type.application";
		};
/* End PBXNativeTarget section */

/* Begin PBXProject section */
		6D4D9B2F1E768E190067459C /* Project object */ = {
			isa = PBXProject;
			attributes = {
				LastSwiftUpdateCheck = 0830;
				LastUpgradeCheck = 0930;
				ORGANIZATIONNAME = FOSSAsia;
				TargetAttributes = {
					6D215B911EB0BE7300CD2C1D = {
						CreatedOnToolsVersion = 8.3.2;
						DevelopmentTeam = MLF4G8Y374;
						LastSwiftMigration = 1000;
						ProvisioningStyle = Automatic;
						TestTargetID = 6D4D9B361E768E190067459C;
					};
					6D4D9B361E768E190067459C = {
						CreatedOnToolsVersion = 8.2.1;
						DevelopmentTeam = 7P4K4M8A4Q;
						LastSwiftMigration = 1000;
						ProvisioningStyle = Automatic;
					};
				};
			};
			buildConfigurationList = 6D4D9B321E768E190067459C /* Build configuration list for PBXProject "Susi" */;
			compatibilityVersion = "Xcode 3.2";
			developmentRegion = English;
			hasScannedForEncodings = 0;
			knownRegions = (
				English,
				en,
				Base,
				ru,
			);
			mainGroup = 6D4D9B2E1E768E190067459C;
			productRefGroup = 6D4D9B381E768E190067459C /* Products */;
			projectDirPath = "";
			projectRoot = "";
			targets = (
				6D4D9B361E768E190067459C /* Susi */,
				6D215B911EB0BE7300CD2C1D /* SusiUITests */,
			);
		};
/* End PBXProject section */

/* Begin PBXResourcesBuildPhase section */
		6D215B901EB0BE7300CD2C1D /* Resources */ = {
			isa = PBXResourcesBuildPhase;
			buildActionMask = 2147483647;
			files = (
			);
			runOnlyForDeploymentPostprocessing = 0;
		};
		6D4D9B351E768E190067459C /* Resources */ = {
			isa = PBXResourcesBuildPhase;
			buildActionMask = 2147483647;
			files = (
				6D4D9B451E768E190067459C /* LaunchScreen.storyboard in Resources */,
				6D4D9B421E768E190067459C /* Assets.xcassets in Resources */,
				A0E42B7321F0F2D8003F06AF /* LICENSE in Resources */,
				94889CAE1F7CEAA80028B8C3 /* Localizable.strings in Resources */,
				6DAF3AF61F0E101200929D86 /* Main.storyboard in Resources */,
				40801EE520F33BBB0071860E /* YTPlayer.html in Resources */,
				A0E42B7621F0F2D8003F06AF /* README.md in Resources */,
				6D28983A1F144E5C00B6151A /* common.res in Resources */,
				6D47585A1F5625740067B3A4 /* susi.pmdl in Resources */,
			);
			runOnlyForDeploymentPostprocessing = 0;
		};
/* End PBXResourcesBuildPhase section */

/* Begin PBXShellScriptBuildPhase section */
		1DF795BED88842246ED79C92 /* [CP] Check Pods Manifest.lock */ = {
			isa = PBXShellScriptBuildPhase;
			buildActionMask = 2147483647;
			files = (
			);
			inputPaths = (
				"${PODS_PODFILE_DIR_PATH}/Podfile.lock",
				"${PODS_ROOT}/Manifest.lock",
			);
			name = "[CP] Check Pods Manifest.lock";
			outputPaths = (
				"$(DERIVED_FILE_DIR)/Pods-Susi-checkManifestLockResult.txt",
			);
			runOnlyForDeploymentPostprocessing = 0;
			shellPath = /bin/sh;
			shellScript = "diff \"${PODS_PODFILE_DIR_PATH}/Podfile.lock\" \"${PODS_ROOT}/Manifest.lock\" > /dev/null\nif [ $? != 0 ] ; then\n    # print error to STDERR\n    echo \"error: The sandbox is not in sync with the Podfile.lock. Run 'pod install' or update your CocoaPods installation.\" >&2\n    exit 1\nfi\n# This output is used by Xcode 'outputs' to avoid re-running this script phase.\necho \"SUCCESS\" > \"${SCRIPT_OUTPUT_FILE_0}\"\n";
			showEnvVarsInLog = 0;
		};
		26E0E7E91FC4177744D0470D /* [CP] Check Pods Manifest.lock */ = {
			isa = PBXShellScriptBuildPhase;
			buildActionMask = 2147483647;
			files = (
			);
			inputPaths = (
				"${PODS_PODFILE_DIR_PATH}/Podfile.lock",
				"${PODS_ROOT}/Manifest.lock",
			);
			name = "[CP] Check Pods Manifest.lock";
			outputPaths = (
				"$(DERIVED_FILE_DIR)/Pods-SusiUITests-checkManifestLockResult.txt",
			);
			runOnlyForDeploymentPostprocessing = 0;
			shellPath = /bin/sh;
			shellScript = "diff \"${PODS_PODFILE_DIR_PATH}/Podfile.lock\" \"${PODS_ROOT}/Manifest.lock\" > /dev/null\nif [ $? != 0 ] ; then\n    # print error to STDERR\n    echo \"error: The sandbox is not in sync with the Podfile.lock. Run 'pod install' or update your CocoaPods installation.\" >&2\n    exit 1\nfi\n# This output is used by Xcode 'outputs' to avoid re-running this script phase.\necho \"SUCCESS\" > \"${SCRIPT_OUTPUT_FILE_0}\"\n";
			showEnvVarsInLog = 0;
		};
		945053A39E200D7E967B5153 /* [CP] Embed Pods Frameworks */ = {
			isa = PBXShellScriptBuildPhase;
			buildActionMask = 2147483647;
			files = (
			);
			inputPaths = (
				"${PODS_ROOT}/Target Support Files/Pods-Susi/Pods-Susi-frameworks.sh",
				"${BUILT_PRODUCTS_DIR}/Alamofire/Alamofire.framework",
				"${BUILT_PRODUCTS_DIR}/BouncyLayout/BouncyLayout.framework",
				"${BUILT_PRODUCTS_DIR}/CTShowcase/CTShowcase.framework",
				"${BUILT_PRODUCTS_DIR}/FTPopOverMenu_Swift/FTPopOverMenu_Swift.framework",
				"${BUILT_PRODUCTS_DIR}/Fakery/Fakery.framework",
				"${BUILT_PRODUCTS_DIR}/Ji/Ji.framework",
				"${BUILT_PRODUCTS_DIR}/Kingfisher/Kingfisher.framework",
				"${BUILT_PRODUCTS_DIR}/Localize-Swift/Localize_Swift.framework",
				"${BUILT_PRODUCTS_DIR}/M13Checkbox/M13Checkbox.framework",
				"${BUILT_PRODUCTS_DIR}/Material/Material.framework",
				"${BUILT_PRODUCTS_DIR}/Motion/Motion.framework",
				"${BUILT_PRODUCTS_DIR}/NVActivityIndicatorView/NVActivityIndicatorView.framework",
				"${BUILT_PRODUCTS_DIR}/ReachabilitySwift/Reachability.framework",
				"${BUILT_PRODUCTS_DIR}/ReadabilityKit/ReadabilityKit.framework",
				"${BUILT_PRODUCTS_DIR}/Realm/Realm.framework",
				"${BUILT_PRODUCTS_DIR}/RealmSwift/RealmSwift.framework",
				"${BUILT_PRODUCTS_DIR}/SwiftDate/SwiftDate.framework",
				"${BUILT_PRODUCTS_DIR}/SwiftKeychainWrapper/SwiftKeychainWrapper.framework",
				"${BUILT_PRODUCTS_DIR}/SwiftValidators/SwiftValidators.framework",
				"${BUILT_PRODUCTS_DIR}/Toast-Swift/Toast_Swift.framework",
				"${BUILT_PRODUCTS_DIR}/paper-onboarding/paper_onboarding.framework",
			);
			name = "[CP] Embed Pods Frameworks";
			outputPaths = (
				"${TARGET_BUILD_DIR}/${FRAMEWORKS_FOLDER_PATH}/Alamofire.framework",
				"${TARGET_BUILD_DIR}/${FRAMEWORKS_FOLDER_PATH}/BouncyLayout.framework",
				"${TARGET_BUILD_DIR}/${FRAMEWORKS_FOLDER_PATH}/CTShowcase.framework",
				"${TARGET_BUILD_DIR}/${FRAMEWORKS_FOLDER_PATH}/FTPopOverMenu_Swift.framework",
				"${TARGET_BUILD_DIR}/${FRAMEWORKS_FOLDER_PATH}/Fakery.framework",
				"${TARGET_BUILD_DIR}/${FRAMEWORKS_FOLDER_PATH}/Ji.framework",
				"${TARGET_BUILD_DIR}/${FRAMEWORKS_FOLDER_PATH}/Kingfisher.framework",
				"${TARGET_BUILD_DIR}/${FRAMEWORKS_FOLDER_PATH}/Localize_Swift.framework",
				"${TARGET_BUILD_DIR}/${FRAMEWORKS_FOLDER_PATH}/M13Checkbox.framework",
				"${TARGET_BUILD_DIR}/${FRAMEWORKS_FOLDER_PATH}/Material.framework",
				"${TARGET_BUILD_DIR}/${FRAMEWORKS_FOLDER_PATH}/Motion.framework",
				"${TARGET_BUILD_DIR}/${FRAMEWORKS_FOLDER_PATH}/NVActivityIndicatorView.framework",
				"${TARGET_BUILD_DIR}/${FRAMEWORKS_FOLDER_PATH}/Reachability.framework",
				"${TARGET_BUILD_DIR}/${FRAMEWORKS_FOLDER_PATH}/ReadabilityKit.framework",
				"${TARGET_BUILD_DIR}/${FRAMEWORKS_FOLDER_PATH}/Realm.framework",
				"${TARGET_BUILD_DIR}/${FRAMEWORKS_FOLDER_PATH}/RealmSwift.framework",
				"${TARGET_BUILD_DIR}/${FRAMEWORKS_FOLDER_PATH}/SwiftDate.framework",
				"${TARGET_BUILD_DIR}/${FRAMEWORKS_FOLDER_PATH}/SwiftKeychainWrapper.framework",
				"${TARGET_BUILD_DIR}/${FRAMEWORKS_FOLDER_PATH}/SwiftValidators.framework",
				"${TARGET_BUILD_DIR}/${FRAMEWORKS_FOLDER_PATH}/Toast_Swift.framework",
				"${TARGET_BUILD_DIR}/${FRAMEWORKS_FOLDER_PATH}/paper_onboarding.framework",
			);
			runOnlyForDeploymentPostprocessing = 0;
			shellPath = /bin/sh;
			shellScript = "\"${PODS_ROOT}/Target Support Files/Pods-Susi/Pods-Susi-frameworks.sh\"\n";
			showEnvVarsInLog = 0;
		};
		B0C2866CE33C31CF9F8BA064 /* [CP] Embed Pods Frameworks */ = {
			isa = PBXShellScriptBuildPhase;
			buildActionMask = 2147483647;
			files = (
			);
			inputPaths = (
				"${PODS_ROOT}/Target Support Files/Pods-SusiUITests/Pods-SusiUITests-frameworks.sh",
				"${BUILT_PRODUCTS_DIR}/Alamofire/Alamofire.framework",
			);
			name = "[CP] Embed Pods Frameworks";
			outputPaths = (
				"${TARGET_BUILD_DIR}/${FRAMEWORKS_FOLDER_PATH}/Alamofire.framework",
			);
			runOnlyForDeploymentPostprocessing = 0;
			shellPath = /bin/sh;
			shellScript = "\"${PODS_ROOT}/Target Support Files/Pods-SusiUITests/Pods-SusiUITests-frameworks.sh\"\n";
			showEnvVarsInLog = 0;
		};
/* End PBXShellScriptBuildPhase section */

/* Begin PBXSourcesBuildPhase section */
		6D215B8E1EB0BE7300CD2C1D /* Sources */ = {
			isa = PBXSourcesBuildPhase;
			buildActionMask = 2147483647;
			files = (
				6D215B951EB0BE7300CD2C1D /* AuthenticationUITests.swift in Sources */,
				6D8DF3F01F0A2CAF0070DE1D /* ForgotPasswordUITests.swift in Sources */,
				6D58707F1F0A30A300EFFF0C /* AnonymousModeUITests.swift in Sources */,
				6D5356831F07CF82003B97A5 /* ControllerConstants.swift in Sources */,
				6DD3F0931F0A62FC00BD7AC9 /* ChatUITests.swift in Sources */,
				6D3527141F083F9100395BD5 /* Client.swift in Sources */,
				406F100620ADFEED00808E4C /* OnboardingUITests.swift in Sources */,
				6D3527131F083F8E00395BD5 /* Constants.swift in Sources */,
			);
			runOnlyForDeploymentPostprocessing = 0;
		};
		6D4D9B331E768E190067459C /* Sources */ = {
			isa = PBXSourcesBuildPhase;
			buildActionMask = 2147483647;
			files = (
				6D4D9B4D1E768E650067459C /* LoginViewController.swift in Sources */,
				40DE743C20E4F759003C0116 /* AllFeedbackCell.swift in Sources */,
				403E7F4220BCBCFB00D7B48B /* DevicesActivityViewController.swift in Sources */,
				6D61B9AB1EEBAA3900CD3536 /* Message.swift in Sources */,
				6D0B28DE1F3D873D00E273E1 /* ResetPasswordVCMethods.swift in Sources */,
				6DCA90621F1F0AD70058CABB /* AudioRecorderDelegate.swift in Sources */,
				6DCA90661F1F0B660058CABB /* SpeechRecognizerDelegate.swift in Sources */,
				40DE743620E39E52003C0116 /* FeedbackDisplayCell.swift in Sources */,
				6DE809CF1F34DC1D00CAE674 /* TrainingVCMethods.swift in Sources */,
				6D0B28E01F3D8F6300E273E1 /* CustomTextField.swift in Sources */,
				3BC1D8D6203B177E003E62F9 /* noConnectionNetworkStatus.swift in Sources */,
				6D0DB6261EE4272300AD030D /* OutgoingChatCell.swift in Sources */,
				6D0DB6241EE41D1000AD030D /* ChatVCMethods.swift in Sources */,
				6D017B2E1F4ECA90004BDE7E /* SkillCell.swift in Sources */,
				6DE44E0F1E769AD300215B85 /* Color.swift in Sources */,
				40701E7F20BEAC8100B92D81 /* RatingView.swift in Sources */,
				6D017B251F4EAF86004BDE7E /* SkillListingViewController.swift in Sources */,
				40623B7F20D243910013FE60 /* Ratings.swift in Sources */,
				6D395D1D1F58966900BCC3C5 /* SkillDetailExampleCell.swift in Sources */,
				3BC1D8D5203B177E003E62F9 /* noConnectionViewController.swift in Sources */,
				6D395D1F1F589CC000BCC3C5 /* SkillDetailVCMethods.swift in Sources */,
				94889CA61F7CCD370028B8C3 /* GeneralViewController.swift in Sources */,
				6DEE71121F2C9DC900A512CF /* AppNavigationController.swift in Sources */,
				80183F6F21D170BB00859F72 /* AboutVCMethods.swift in Sources */,
				40801EE320F33B4C0071860E /* VideoPlayerView.swift in Sources */,
				6DE0025B1F3FF93A0065DB85 /* AnchorCell.swift in Sources */,
				6D24B0961EE409DB0097418A /* SignUpVCMethods.swift in Sources */,
				40DE743920E49F3A003C0116 /* AllFeedbackViewController.swift in Sources */,
				407EFAC020C34C0000675A0B /* LanguagePickerController.swift in Sources */,
				6D87A3301EEE557000A6D763 /* WebsearchCell.swift in Sources */,
				6DCA905C1F1F09910058CABB /* LocationDelegate.swift in Sources */,
				6D0B28DC1F3D55B100E273E1 /* ResetPasswordController.swift in Sources */,
				6DB440401F55FA4F00C2A405 /* SkillDetailViewController.swift in Sources */,
				40F17FAC20ACA28A008E7305 /* OnboardingViewController.swift in Sources */,
				40F17FA820AC39F9008E7305 /* Images.swift in Sources */,
				6D3FB3491E813B900015E1D6 /* ChatMessageCell.swift in Sources */,
				6D61B9AF1EEBAAD700CD3536 /* RSSAction.swift in Sources */,
				40799A7620BBAD9800271718 /* DeviceInstructionsViewController.swift in Sources */,
				6D0DB6281EE436FC00AD030D /* IncomingChatCell.swift in Sources */,
				6D4D9B541E7690160067459C /* Extensions.swift in Sources */,
				6D395D211F589CFE00BCC3C5 /* SkillDetailVCCollectionView.swift in Sources */,
				40172A8520ECAA49006B462C /* YouTubePlayerCell.swift in Sources */,
				6DE44E171E76ACD900215B85 /* Convenience.swift in Sources */,
				4075B35F210E3CAC00672C6A /* RoomPickerController.swift in Sources */,
				6D87A32E1EEE54CC00A6D763 /* WebsearchCollectionView.swift in Sources */,
				40FB527520C037C6005D4ACD /* StopCell.swift in Sources */,
				406F8BA020EE72CA00D9C6AC /* VideoPlayAction.swift in Sources */,
				A0E42B7521F0F2D8003F06AF /* FBShimmeringView.m in Sources */,
				6DFC75B91EE077E9002F92BA /* ForgotPasswordViewController.swift in Sources */,
				A0DEC06E21E0F40300659A5B /* SelectLanguageViewController.swift in Sources */,
				6DE44E111E76ACAF00215B85 /* Client.swift in Sources */,
				6D3DACC51F25FB9900CEFBC7 /* ActivityIndicatorCell.swift in Sources */,
				6D61B9AD1EEBAAA200CD3536 /* AnswerAction.swift in Sources */,
				6D3E82461E7953B200D48776 /* SettingsViewController.swift in Sources */,
				6D61B9B71EEBAB7000CD3536 /* MapAction.swift in Sources */,
				6D017B301F4ED651004BDE7E /* Skill.swift in Sources */,
				6D4D9B3B1E768E190067459C /* AppDelegate.swift in Sources */,
				6D61B9B51EEBAB6000CD3536 /* AnchorAction.swift in Sources */,
				6D6F90481F4AF30800C84137 /* LongPressToCopyTextView.swift in Sources */,
				6D2F984B1E76DF2200FE2B6F /* BaseCell.swift in Sources */,
				6D0B9CED1F2CF75B0060262A /* SettingsVCMethods.swift in Sources */,
				6D7CE2E21F40255700C6353F /* ImageCell.swift in Sources */,
				A0DEC07021E0F41300659A5B /* LanguageModel.swift in Sources */,
				6DE44E1B1E76B5D600215B85 /* SignUpViewController.swift in Sources */,
				6D9C0D291E7B223A00199828 /* User.swift in Sources */,
				6D017B2B1F4EC941004BDE7E /* SkillListingCollectionView.swift in Sources */,
				6D61B9B11EEBAB0200CD3536 /* WebsearchAction.swift in Sources */,
				6DE002591F3FF5140065DB85 /* MapCell.swift in Sources */,
				40DE743E20E50281003C0116 /* Feedback.swift in Sources */,
				6DE44E161E76ACD900215B85 /* Constants.swift in Sources */,
				807A754421D143A1008D4032 /* AboutViewController.swift in Sources */,
				4CD0AA5F1EDF2CB700BC8FD5 /* ControllerConstants.swift in Sources */,
				6D2898391F144E5C00B6151A /* SnowboyWrapper.mm in Sources */,
				40D8882120CA9DBA006226EE /* TEABarChart.m in Sources */,
				6D8AC7BA1F205F7F00FAA335 /* CollectionViewDelegate.swift in Sources */,
				6DE809D11F34DC6500CAE674 /* TrainingAudioRecorderDelegate.swift in Sources */,
				6DCA90641F1F0B320058CABB /* TextFieldDelegate.swift in Sources */,
				6DE44E191E76AF8100215B85 /* ChatViewController.swift in Sources */,
				6D61B9B31EEBAB4000CD3536 /* TableAction.swift in Sources */,
				A0E42B7421F0F2D8003F06AF /* FBShimmeringLayer.m in Sources */,
				6D87A3321EEE86CC00A6D763 /* RSSCell.swift in Sources */,
				4064830120FCF3220014EB47 /* PlayerViewController.swift in Sources */,
				407ED1DB20BEC6C3007AEE34 /* DesignableView.swift in Sources */,
				6D5DDFF61F3378D80078BB97 /* TrainingViewController.swift in Sources */,
				405C463820E0D3750091A78E /* DeviceActivityMethods.swift in Sources */,
				6DD5030E1F36656C008388E4 /* SpeechRecognitionDelegate.swift in Sources */,
				6D017B271F4EB641004BDE7E /* SkillListingVCMethods.swift in Sources */,
				6D24B08A1EE4079E0097418A /* LoginVCMethods.swift in Sources */,
				6D017B291F4EC2D3004BDE7E /* SkillListingTableCell.swift in Sources */,
			);
			runOnlyForDeploymentPostprocessing = 0;
		};
/* End PBXSourcesBuildPhase section */

/* Begin PBXTargetDependency section */
		6D215B981EB0BE7300CD2C1D /* PBXTargetDependency */ = {
			isa = PBXTargetDependency;
			target = 6D4D9B361E768E190067459C /* Susi */;
			targetProxy = 6D215B971EB0BE7300CD2C1D /* PBXContainerItemProxy */;
		};
/* End PBXTargetDependency section */

/* Begin PBXVariantGroup section */
		6D4D9B431E768E190067459C /* LaunchScreen.storyboard */ = {
			isa = PBXVariantGroup;
			children = (
				6D4D9B441E768E190067459C /* Base */,
			);
			name = LaunchScreen.storyboard;
			path = .;
			sourceTree = "<group>";
		};
		94889CB01F7CEAA80028B8C3 /* Localizable.strings */ = {
			isa = PBXVariantGroup;
			children = (
				94889CAF1F7CEAA80028B8C3 /* en */,
				94889CB11F7CEAAA0028B8C3 /* ru */,
			);
			name = Localizable.strings;
			sourceTree = "<group>";
		};
/* End PBXVariantGroup section */

/* Begin XCBuildConfiguration section */
		6D215B9A1EB0BE7300CD2C1D /* Debug */ = {
			isa = XCBuildConfiguration;
			baseConfigurationReference = 262BC7CF14D165C735BF16FA /* Pods-SusiUITests.debug.xcconfig */;
			buildSettings = {
				CLANG_ANALYZER_NUMBER_OBJECT_CONVERSION = YES_AGGRESSIVE;
				CODE_SIGN_IDENTITY = "iPhone Developer: singh_cashrulz@hotmail.com (K7949DTWFE)";
				"CODE_SIGN_IDENTITY[sdk=iphoneos*]" = "iPhone Developer";
				DEVELOPMENT_TEAM = MLF4G8Y374;
				INFOPLIST_FILE = SusiUITests/Info.plist;
				IPHONEOS_DEPLOYMENT_TARGET = 10.3;
				LD_RUNPATH_SEARCH_PATHS = "$(inherited) @executable_path/Frameworks @loader_path/Frameworks";
				PRODUCT_BUNDLE_IDENTIFIER = com.chashmeet.SusiUITests;
				PRODUCT_NAME = "$(TARGET_NAME)";
				PROVISIONING_PROFILE_SPECIFIER = "";
				SWIFT_VERSION = 4.2;
				TEST_TARGET_NAME = Susi;
			};
			name = Debug;
		};
		6D215B9B1EB0BE7300CD2C1D /* Release */ = {
			isa = XCBuildConfiguration;
			baseConfigurationReference = C949F9C701CBA7B848521A51 /* Pods-SusiUITests.release.xcconfig */;
			buildSettings = {
				CLANG_ANALYZER_NUMBER_OBJECT_CONVERSION = YES_AGGRESSIVE;
				CODE_SIGN_IDENTITY = "iPhone Developer: singh_cashrulz@hotmail.com (K7949DTWFE)";
				"CODE_SIGN_IDENTITY[sdk=iphoneos*]" = "iPhone Developer";
				DEVELOPMENT_TEAM = MLF4G8Y374;
				INFOPLIST_FILE = SusiUITests/Info.plist;
				IPHONEOS_DEPLOYMENT_TARGET = 10.3;
				LD_RUNPATH_SEARCH_PATHS = "$(inherited) @executable_path/Frameworks @loader_path/Frameworks";
				PRODUCT_BUNDLE_IDENTIFIER = com.chashmeet.SusiUITests;
				PRODUCT_NAME = "$(TARGET_NAME)";
				PROVISIONING_PROFILE_SPECIFIER = "";
				SWIFT_VERSION = 4.2;
				TEST_TARGET_NAME = Susi;
			};
			name = Release;
		};
		6D4D9B471E768E190067459C /* Debug */ = {
			isa = XCBuildConfiguration;
			buildSettings = {
				ALWAYS_EMBED_SWIFT_STANDARD_LIBRARIES = YES;
				ALWAYS_SEARCH_USER_PATHS = NO;
				CLANG_ANALYZER_LOCALIZABILITY_NONLOCALIZED = YES;
				CLANG_ANALYZER_NONNULL = YES;
				CLANG_CXX_LANGUAGE_STANDARD = "gnu++0x";
				CLANG_CXX_LIBRARY = "libc++";
				CLANG_ENABLE_MODULES = YES;
				CLANG_ENABLE_OBJC_ARC = YES;
				CLANG_WARN_BLOCK_CAPTURE_AUTORELEASING = YES;
				CLANG_WARN_BOOL_CONVERSION = YES;
				CLANG_WARN_COMMA = YES;
				CLANG_WARN_CONSTANT_CONVERSION = YES;
				CLANG_WARN_DEPRECATED_OBJC_IMPLEMENTATIONS = YES;
				CLANG_WARN_DIRECT_OBJC_ISA_USAGE = YES_ERROR;
				CLANG_WARN_DOCUMENTATION_COMMENTS = YES;
				CLANG_WARN_EMPTY_BODY = YES;
				CLANG_WARN_ENUM_CONVERSION = YES;
				CLANG_WARN_INFINITE_RECURSION = YES;
				CLANG_WARN_INT_CONVERSION = YES;
				CLANG_WARN_NON_LITERAL_NULL_CONVERSION = YES;
				CLANG_WARN_OBJC_IMPLICIT_RETAIN_SELF = YES;
				CLANG_WARN_OBJC_LITERAL_CONVERSION = YES;
				CLANG_WARN_OBJC_ROOT_CLASS = YES_ERROR;
				CLANG_WARN_RANGE_LOOP_ANALYSIS = YES;
				CLANG_WARN_STRICT_PROTOTYPES = YES;
				CLANG_WARN_SUSPICIOUS_MOVE = YES;
				CLANG_WARN_UNREACHABLE_CODE = YES;
				CLANG_WARN__DUPLICATE_METHOD_MATCH = YES;
				"CODE_SIGN_IDENTITY[sdk=iphoneos*]" = "iPhone Developer";
				COPY_PHASE_STRIP = NO;
				DEBUG_INFORMATION_FORMAT = dwarf;
				ENABLE_STRICT_OBJC_MSGSEND = YES;
				ENABLE_TESTABILITY = YES;
				GCC_C_LANGUAGE_STANDARD = gnu99;
				GCC_DYNAMIC_NO_PIC = NO;
				GCC_NO_COMMON_BLOCKS = YES;
				GCC_OPTIMIZATION_LEVEL = 0;
				GCC_PREPROCESSOR_DEFINITIONS = (
					"DEBUG=1",
					"$(inherited)",
				);
				GCC_WARN_64_TO_32_BIT_CONVERSION = YES;
				GCC_WARN_ABOUT_RETURN_TYPE = YES_ERROR;
				GCC_WARN_UNDECLARED_SELECTOR = YES;
				GCC_WARN_UNINITIALIZED_AUTOS = YES_AGGRESSIVE;
				GCC_WARN_UNUSED_FUNCTION = YES;
				GCC_WARN_UNUSED_VARIABLE = YES;
				IPHONEOS_DEPLOYMENT_TARGET = 10.2;
				LD_RUNPATH_SEARCH_PATHS = "$(inherited) @executable_path/Frameworks";
				MTL_ENABLE_DEBUG_INFO = YES;
				ONLY_ACTIVE_ARCH = YES;
				SDKROOT = iphoneos;
				SWIFT_ACTIVE_COMPILATION_CONDITIONS = DEBUG;
				SWIFT_OPTIMIZATION_LEVEL = "-Onone";
				SWIFT_VERSION = 4.2;
				TARGETED_DEVICE_FAMILY = "1,2";
			};
			name = Debug;
		};
		6D4D9B481E768E190067459C /* Release */ = {
			isa = XCBuildConfiguration;
			buildSettings = {
				ALWAYS_EMBED_SWIFT_STANDARD_LIBRARIES = YES;
				ALWAYS_SEARCH_USER_PATHS = NO;
				CLANG_ANALYZER_LOCALIZABILITY_NONLOCALIZED = YES;
				CLANG_ANALYZER_NONNULL = YES;
				CLANG_CXX_LANGUAGE_STANDARD = "gnu++0x";
				CLANG_CXX_LIBRARY = "libc++";
				CLANG_ENABLE_MODULES = YES;
				CLANG_ENABLE_OBJC_ARC = YES;
				CLANG_WARN_BLOCK_CAPTURE_AUTORELEASING = YES;
				CLANG_WARN_BOOL_CONVERSION = YES;
				CLANG_WARN_COMMA = YES;
				CLANG_WARN_CONSTANT_CONVERSION = YES;
				CLANG_WARN_DEPRECATED_OBJC_IMPLEMENTATIONS = YES;
				CLANG_WARN_DIRECT_OBJC_ISA_USAGE = YES_ERROR;
				CLANG_WARN_DOCUMENTATION_COMMENTS = YES;
				CLANG_WARN_EMPTY_BODY = YES;
				CLANG_WARN_ENUM_CONVERSION = YES;
				CLANG_WARN_INFINITE_RECURSION = YES;
				CLANG_WARN_INT_CONVERSION = YES;
				CLANG_WARN_NON_LITERAL_NULL_CONVERSION = YES;
				CLANG_WARN_OBJC_IMPLICIT_RETAIN_SELF = YES;
				CLANG_WARN_OBJC_LITERAL_CONVERSION = YES;
				CLANG_WARN_OBJC_ROOT_CLASS = YES_ERROR;
				CLANG_WARN_RANGE_LOOP_ANALYSIS = YES;
				CLANG_WARN_STRICT_PROTOTYPES = YES;
				CLANG_WARN_SUSPICIOUS_MOVE = YES;
				CLANG_WARN_UNREACHABLE_CODE = YES;
				CLANG_WARN__DUPLICATE_METHOD_MATCH = YES;
				"CODE_SIGN_IDENTITY[sdk=iphoneos*]" = "iPhone Developer";
				COPY_PHASE_STRIP = NO;
				DEBUG_INFORMATION_FORMAT = "dwarf-with-dsym";
				ENABLE_NS_ASSERTIONS = NO;
				ENABLE_STRICT_OBJC_MSGSEND = YES;
				GCC_C_LANGUAGE_STANDARD = gnu99;
				GCC_NO_COMMON_BLOCKS = YES;
				GCC_WARN_64_TO_32_BIT_CONVERSION = YES;
				GCC_WARN_ABOUT_RETURN_TYPE = YES_ERROR;
				GCC_WARN_UNDECLARED_SELECTOR = YES;
				GCC_WARN_UNINITIALIZED_AUTOS = YES_AGGRESSIVE;
				GCC_WARN_UNUSED_FUNCTION = YES;
				GCC_WARN_UNUSED_VARIABLE = YES;
				IPHONEOS_DEPLOYMENT_TARGET = 10.2;
				LD_RUNPATH_SEARCH_PATHS = "$(inherited) @executable_path/Frameworks";
				MTL_ENABLE_DEBUG_INFO = NO;
				SDKROOT = iphoneos;
				SWIFT_OPTIMIZATION_LEVEL = "-Owholemodule";
				SWIFT_VERSION = 4.2;
				TARGETED_DEVICE_FAMILY = "1,2";
				VALIDATE_PRODUCT = YES;
			};
			name = Release;
		};
		6D4D9B4A1E768E190067459C /* Debug */ = {
			isa = XCBuildConfiguration;
			baseConfigurationReference = A078553387742A62D98A8C3F /* Pods-Susi.debug.xcconfig */;
			buildSettings = {
				ASSETCATALOG_COMPILER_APPICON_NAME = AppIcon;
				CLANG_ENABLE_MODULES = YES;
				"CODE_SIGN_IDENTITY[sdk=iphoneos*]" = "iPhone Developer";
				DEVELOPMENT_TEAM = 7P4K4M8A4Q;
				DYLIB_INSTALL_NAME_BASE = "@rpath";
				FRAMEWORK_SEARCH_PATHS = "$(inherited)";
				INFOPLIST_FILE = "Susi/Supporting Files/Info.plist";
				IPHONEOS_DEPLOYMENT_TARGET = 11.0;
				LD_RUNPATH_SEARCH_PATHS = "$(inherited) @executable_path/Frameworks";
				LIBRARY_SEARCH_PATHS = (
					"$(inherited)",
					"$(PROJECT_DIR)/Susi/**",
				);
				PRODUCT_BUNDLE_IDENTIFIER = com.imjog.susi;
				PRODUCT_NAME = "$(TARGET_NAME)";
				PROVISIONING_PROFILE_SPECIFIER = "";
				SWIFT_OBJC_BRIDGING_HEADER = "Susi/Snowboy Files/Susi-Bridging-Header.h";
				SWIFT_OPTIMIZATION_LEVEL = "-Onone";
				SWIFT_VERSION = 4.2;
				TARGETED_DEVICE_FAMILY = 1;
			};
			name = Debug;
		};
		6D4D9B4B1E768E190067459C /* Release */ = {
			isa = XCBuildConfiguration;
			baseConfigurationReference = 5BC83894DC5BB478E862B696 /* Pods-Susi.release.xcconfig */;
			buildSettings = {
				ASSETCATALOG_COMPILER_APPICON_NAME = AppIcon;
				CLANG_ENABLE_MODULES = YES;
				"CODE_SIGN_IDENTITY[sdk=iphoneos*]" = "iPhone Developer";
				DEVELOPMENT_TEAM = 7P4K4M8A4Q;
				DYLIB_INSTALL_NAME_BASE = "@rpath";
				FRAMEWORK_SEARCH_PATHS = "$(inherited)";
				INFOPLIST_FILE = "Susi/Supporting Files/Info.plist";
				IPHONEOS_DEPLOYMENT_TARGET = 11.0;
				LD_RUNPATH_SEARCH_PATHS = "$(inherited) @executable_path/Frameworks";
				LIBRARY_SEARCH_PATHS = (
					"$(inherited)",
					"$(PROJECT_DIR)/Susi/**",
				);
				PRODUCT_BUNDLE_IDENTIFIER = com.imjog.susi;
				PRODUCT_NAME = "$(TARGET_NAME)";
				PROVISIONING_PROFILE_SPECIFIER = "";
				SWIFT_OBJC_BRIDGING_HEADER = "Susi/Snowboy Files/Susi-Bridging-Header.h";
				SWIFT_VERSION = 4.2;
				TARGETED_DEVICE_FAMILY = 1;
			};
			name = Release;
		};
/* End XCBuildConfiguration section */

/* Begin XCConfigurationList section */
		6D215B991EB0BE7300CD2C1D /* Build configuration list for PBXNativeTarget "SusiUITests" */ = {
			isa = XCConfigurationList;
			buildConfigurations = (
				6D215B9A1EB0BE7300CD2C1D /* Debug */,
				6D215B9B1EB0BE7300CD2C1D /* Release */,
			);
			defaultConfigurationIsVisible = 0;
			defaultConfigurationName = Release;
		};
		6D4D9B321E768E190067459C /* Build configuration list for PBXProject "Susi" */ = {
			isa = XCConfigurationList;
			buildConfigurations = (
				6D4D9B471E768E190067459C /* Debug */,
				6D4D9B481E768E190067459C /* Release */,
			);
			defaultConfigurationIsVisible = 0;
			defaultConfigurationName = Release;
		};
		6D4D9B491E768E190067459C /* Build configuration list for PBXNativeTarget "Susi" */ = {
			isa = XCConfigurationList;
			buildConfigurations = (
				6D4D9B4A1E768E190067459C /* Debug */,
				6D4D9B4B1E768E190067459C /* Release */,
			);
			defaultConfigurationIsVisible = 0;
			defaultConfigurationName = Release;
		};
/* End XCConfigurationList section */
	};
	rootObject = 6D4D9B2F1E768E190067459C /* Project object */;
}
