// !$*UTF8*$!
{
	archiveVersion = 1;
	classes = {
	};
	objectVersion = 46;
	objects = {

/* Begin PBXBuildFile section */
		6D2F984B1E76DF2200FE2B6F /* BaseCell.swift in Sources */ = {isa = PBXBuildFile; fileRef = 6D2F984A1E76DF2200FE2B6F /* BaseCell.swift */; };
		6D2F984D1E76E62900FE2B6F /* Message.swift in Sources */ = {isa = PBXBuildFile; fileRef = 6D2F984C1E76E62900FE2B6F /* Message.swift */; };
		6D3E82441E7943EE00D48776 /* AppNavigationController.swift in Sources */ = {isa = PBXBuildFile; fileRef = 6D3E82431E7943EE00D48776 /* AppNavigationController.swift */; };
		6D3E82461E7953B200D48776 /* SettingsViewController.swift in Sources */ = {isa = PBXBuildFile; fileRef = 6D3E82451E7953B200D48776 /* SettingsViewController.swift */; };
		6D3E82481E796B5200D48776 /* SettingsHeaderView.swift in Sources */ = {isa = PBXBuildFile; fileRef = 6D3E82471E796B5200D48776 /* SettingsHeaderView.swift */; };
		6D3FB3491E813B900015E1D6 /* ChatMessageCell.swift in Sources */ = {isa = PBXBuildFile; fileRef = 6D3FB3481E813B900015E1D6 /* ChatMessageCell.swift */; };
		6D4D9B3B1E768E190067459C /* AppDelegate.swift in Sources */ = {isa = PBXBuildFile; fileRef = 6D4D9B3A1E768E190067459C /* AppDelegate.swift */; };
		6D4D9B421E768E190067459C /* Assets.xcassets in Resources */ = {isa = PBXBuildFile; fileRef = 6D4D9B411E768E190067459C /* Assets.xcassets */; };
		6D4D9B451E768E190067459C /* LaunchScreen.storyboard in Resources */ = {isa = PBXBuildFile; fileRef = 6D4D9B431E768E190067459C /* LaunchScreen.storyboard */; };
		6D4D9B4D1E768E650067459C /* LoginViewController.swift in Sources */ = {isa = PBXBuildFile; fileRef = 6D4D9B4C1E768E650067459C /* LoginViewController.swift */; };
		6D4D9B541E7690160067459C /* Extensions.swift in Sources */ = {isa = PBXBuildFile; fileRef = 6D4D9B531E7690160067459C /* Extensions.swift */; };
		6D98EDFB1E796EFE00D96B32 /* SettingsCell.swift in Sources */ = {isa = PBXBuildFile; fileRef = 6D98EDFA1E796EFE00D96B32 /* SettingsCell.swift */; };
		6D9C0D291E7B223A00199828 /* User.swift in Sources */ = {isa = PBXBuildFile; fileRef = 6D9C0D281E7B223A00199828 /* User.swift */; };
		6DE44E0F1E769AD300215B85 /* Color.swift in Sources */ = {isa = PBXBuildFile; fileRef = 6DE44E0E1E769AD300215B85 /* Color.swift */; };
		6DE44E111E76ACAF00215B85 /* Client.swift in Sources */ = {isa = PBXBuildFile; fileRef = 6DE44E101E76ACAF00215B85 /* Client.swift */; };
		6DE44E161E76ACD900215B85 /* Constants.swift in Sources */ = {isa = PBXBuildFile; fileRef = 6DE44E141E76ACD900215B85 /* Constants.swift */; };
		6DE44E171E76ACD900215B85 /* Convenience.swift in Sources */ = {isa = PBXBuildFile; fileRef = 6DE44E151E76ACD900215B85 /* Convenience.swift */; };
		6DE44E191E76AF8100215B85 /* MainViewController.swift in Sources */ = {isa = PBXBuildFile; fileRef = 6DE44E181E76AF8100215B85 /* MainViewController.swift */; };
		6DE44E1B1E76B5D600215B85 /* SignUpViewController.swift in Sources */ = {isa = PBXBuildFile; fileRef = 6DE44E1A1E76B5D600215B85 /* SignUpViewController.swift */; };
		6DF591D41E817EC0003B2C6B /* Pods_Susi.framework in Frameworks */ = {isa = PBXBuildFile; fileRef = 6DF591D31E817EC0003B2C6B /* Pods_Susi.framework */; };
		6DF591D61E8189B7003B2C6B /* WebsearchResult.swift in Sources */ = {isa = PBXBuildFile; fileRef = 6DF591D51E8189B7003B2C6B /* WebsearchResult.swift */; };
		9B1814DE7FB0475950444A8F /* Pods_Susi.framework in Frameworks */ = {isa = PBXBuildFile; fileRef = 39326DEEDBD0CCA432D3B25D /* Pods_Susi.framework */; };
/* End PBXBuildFile section */

/* Begin PBXFileReference section */
		39326DEEDBD0CCA432D3B25D /* Pods_Susi.framework */ = {isa = PBXFileReference; explicitFileType = wrapper.framework; includeInIndex = 0; path = Pods_Susi.framework; sourceTree = BUILT_PRODUCTS_DIR; };
		6D2F984A1E76DF2200FE2B6F /* BaseCell.swift */ = {isa = PBXFileReference; fileEncoding = 4; lastKnownFileType = sourcecode.swift; path = BaseCell.swift; sourceTree = "<group>"; };
		6D2F984C1E76E62900FE2B6F /* Message.swift */ = {isa = PBXFileReference; fileEncoding = 4; lastKnownFileType = sourcecode.swift; path = Message.swift; sourceTree = "<group>"; };
		6D3E82431E7943EE00D48776 /* AppNavigationController.swift */ = {isa = PBXFileReference; fileEncoding = 4; lastKnownFileType = sourcecode.swift; path = AppNavigationController.swift; sourceTree = "<group>"; };
		6D3E82451E7953B200D48776 /* SettingsViewController.swift */ = {isa = PBXFileReference; fileEncoding = 4; lastKnownFileType = sourcecode.swift; path = SettingsViewController.swift; sourceTree = "<group>"; };
		6D3E82471E796B5200D48776 /* SettingsHeaderView.swift */ = {isa = PBXFileReference; fileEncoding = 4; lastKnownFileType = sourcecode.swift; path = SettingsHeaderView.swift; sourceTree = "<group>"; };
		6D3FB3481E813B900015E1D6 /* ChatMessageCell.swift */ = {isa = PBXFileReference; fileEncoding = 4; lastKnownFileType = sourcecode.swift; path = ChatMessageCell.swift; sourceTree = "<group>"; };
		6D4D9B371E768E190067459C /* Susi.app */ = {isa = PBXFileReference; explicitFileType = wrapper.application; includeInIndex = 0; path = Susi.app; sourceTree = BUILT_PRODUCTS_DIR; };
		6D4D9B3A1E768E190067459C /* AppDelegate.swift */ = {isa = PBXFileReference; lastKnownFileType = sourcecode.swift; path = AppDelegate.swift; sourceTree = "<group>"; };
		6D4D9B411E768E190067459C /* Assets.xcassets */ = {isa = PBXFileReference; lastKnownFileType = folder.assetcatalog; path = Assets.xcassets; sourceTree = "<group>"; };
		6D4D9B441E768E190067459C /* Base */ = {isa = PBXFileReference; lastKnownFileType = file.storyboard; name = Base; path = Base.lproj/LaunchScreen.storyboard; sourceTree = "<group>"; };
		6D4D9B461E768E190067459C /* Info.plist */ = {isa = PBXFileReference; lastKnownFileType = text.plist.xml; path = Info.plist; sourceTree = "<group>"; };
		6D4D9B4C1E768E650067459C /* LoginViewController.swift */ = {isa = PBXFileReference; fileEncoding = 4; lastKnownFileType = sourcecode.swift; name = LoginViewController.swift; path = Controllers/LoginViewController.swift; sourceTree = "<group>"; };
		6D4D9B531E7690160067459C /* Extensions.swift */ = {isa = PBXFileReference; fileEncoding = 4; lastKnownFileType = sourcecode.swift; path = Extensions.swift; sourceTree = "<group>"; };
		6D767DEC1E79A9B600FF5485 /* Pods_Susi.framework */ = {isa = PBXFileReference; lastKnownFileType = wrapper.framework; name = Pods_Susi.framework; path = "Pods/../build/Release-iphoneos/Pods_Susi.framework"; sourceTree = "<group>"; };
		6D767DEE1E79A9C800FF5485 /* Pods_Susi.framework */ = {isa = PBXFileReference; lastKnownFileType = wrapper.framework; name = Pods_Susi.framework; path = "Pods/../build/Release-iphoneos/Pods_Susi.framework"; sourceTree = "<group>"; };
		6D82ADF21E784A5A0094AA9E /* Pods_Susi.framework */ = {isa = PBXFileReference; lastKnownFileType = wrapper.framework; name = Pods_Susi.framework; path = "../../Library/Developer/Xcode/DerivedData/Susi-avbkhdntnaiijsctxkaeflbkpdbm/Build/Products/Debug-iphonesimulator/Pods_Susi.framework"; sourceTree = "<group>"; };
		6D98EDFA1E796EFE00D96B32 /* SettingsCell.swift */ = {isa = PBXFileReference; fileEncoding = 4; lastKnownFileType = sourcecode.swift; path = SettingsCell.swift; sourceTree = "<group>"; };
		6D9C0D281E7B223A00199828 /* User.swift */ = {isa = PBXFileReference; fileEncoding = 4; lastKnownFileType = sourcecode.swift; path = User.swift; sourceTree = "<group>"; };
		6DE44E0E1E769AD300215B85 /* Color.swift */ = {isa = PBXFileReference; fileEncoding = 4; lastKnownFileType = sourcecode.swift; path = Color.swift; sourceTree = "<group>"; };
		6DE44E101E76ACAF00215B85 /* Client.swift */ = {isa = PBXFileReference; fileEncoding = 4; lastKnownFileType = sourcecode.swift; path = Client.swift; sourceTree = "<group>"; };
		6DE44E141E76ACD900215B85 /* Constants.swift */ = {isa = PBXFileReference; fileEncoding = 4; lastKnownFileType = sourcecode.swift; path = Constants.swift; sourceTree = "<group>"; };
		6DE44E151E76ACD900215B85 /* Convenience.swift */ = {isa = PBXFileReference; fileEncoding = 4; lastKnownFileType = sourcecode.swift; path = Convenience.swift; sourceTree = "<group>"; };
		6DE44E181E76AF8100215B85 /* MainViewController.swift */ = {isa = PBXFileReference; fileEncoding = 4; lastKnownFileType = sourcecode.swift; path = MainViewController.swift; sourceTree = "<group>"; };
		6DE44E1A1E76B5D600215B85 /* SignUpViewController.swift */ = {isa = PBXFileReference; fileEncoding = 4; lastKnownFileType = sourcecode.swift; path = SignUpViewController.swift; sourceTree = "<group>"; };
		6DF591D31E817EC0003B2C6B /* Pods_Susi.framework */ = {isa = PBXFileReference; lastKnownFileType = wrapper.framework; name = Pods_Susi.framework; path = "../../Library/Developer/Xcode/DerivedData/Susi-diaqqbbkootsgpcfnbeooroyfjde/Build/Products/Debug-iphonesimulator/Pods_Susi.framework"; sourceTree = "<group>"; };
		6DF591D51E8189B7003B2C6B /* WebsearchResult.swift */ = {isa = PBXFileReference; fileEncoding = 4; lastKnownFileType = sourcecode.swift; path = WebsearchResult.swift; sourceTree = "<group>"; };
		97955E10DCBDDA37F3FE9945 /* Pods-Susi.release.xcconfig */ = {isa = PBXFileReference; includeInIndex = 1; lastKnownFileType = text.xcconfig; name = "Pods-Susi.release.xcconfig"; path = "Pods/Target Support Files/Pods-Susi/Pods-Susi.release.xcconfig"; sourceTree = "<group>"; };
		F0725CD4F3C4305D555E2D38 /* Pods-Susi.debug.xcconfig */ = {isa = PBXFileReference; includeInIndex = 1; lastKnownFileType = text.xcconfig; name = "Pods-Susi.debug.xcconfig"; path = "Pods/Target Support Files/Pods-Susi/Pods-Susi.debug.xcconfig"; sourceTree = "<group>"; };
/* End PBXFileReference section */

/* Begin PBXFrameworksBuildPhase section */
		6D4D9B341E768E190067459C /* Frameworks */ = {
			isa = PBXFrameworksBuildPhase;
			buildActionMask = 2147483647;
			files = (
				6DF591D41E817EC0003B2C6B /* Pods_Susi.framework in Frameworks */,
				9B1814DE7FB0475950444A8F /* Pods_Susi.framework in Frameworks */,
			);
			runOnlyForDeploymentPostprocessing = 0;
		};
/* End PBXFrameworksBuildPhase section */

/* Begin PBXGroup section */
		1D60790BCD441CA8C61D6EAA /* Pods */ = {
			isa = PBXGroup;
			children = (
				F0725CD4F3C4305D555E2D38 /* Pods-Susi.debug.xcconfig */,
				97955E10DCBDDA37F3FE9945 /* Pods-Susi.release.xcconfig */,
			);
			name = Pods;
			sourceTree = "<group>";
		};
		6D2F98471E76DED400FE2B6F /* Custom Views */ = {
			isa = PBXGroup;
			children = (
				6D2F984A1E76DF2200FE2B6F /* BaseCell.swift */,
				6D3E82471E796B5200D48776 /* SettingsHeaderView.swift */,
				6D98EDFA1E796EFE00D96B32 /* SettingsCell.swift */,
				6D3FB3471E8136640015E1D6 /* Message Cells */,
			);
			name = "Custom Views";
			sourceTree = "<group>";
		};
		6D3FB3471E8136640015E1D6 /* Message Cells */ = {
			isa = PBXGroup;
			children = (
				6D3FB3481E813B900015E1D6 /* ChatMessageCell.swift */,
			);
			name = "Message Cells";
			sourceTree = "<group>";
		};
		6D4D9B2E1E768E190067459C = {
			isa = PBXGroup;
			children = (
				6D4D9B391E768E190067459C /* Susi */,
				6D4D9B381E768E190067459C /* Products */,
				1D60790BCD441CA8C61D6EAA /* Pods */,
				BD5FA220F268315B61F71523 /* Frameworks */,
			);
			sourceTree = "<group>";
		};
		6D4D9B381E768E190067459C /* Products */ = {
			isa = PBXGroup;
			children = (
				6D4D9B371E768E190067459C /* Susi.app */,
			);
			name = Products;
			sourceTree = "<group>";
		};
		6D4D9B391E768E190067459C /* Susi */ = {
			isa = PBXGroup;
			children = (
				6D2F98471E76DED400FE2B6F /* Custom Views */,
				6DE44E121E76ACBA00215B85 /* Model */,
				6D4D9B521E768FF40067459C /* Helpers */,
				6D4D9B511E768F390067459C /* Assets */,
				6D4D9B4F1E768F250067459C /* Supporting Files */,
				6D4D9B501E768F2E0067459C /* Controllers */,
			);
			path = Susi;
			sourceTree = "<group>";
		};
		6D4D9B4F1E768F250067459C /* Supporting Files */ = {
			isa = PBXGroup;
			children = (
				6D4D9B3A1E768E190067459C /* AppDelegate.swift */,
				6D4D9B431E768E190067459C /* LaunchScreen.storyboard */,
				6D4D9B461E768E190067459C /* Info.plist */,
			);
			name = "Supporting Files";
			sourceTree = "<group>";
		};
		6D4D9B501E768F2E0067459C /* Controllers */ = {
			isa = PBXGroup;
			children = (
				6D4D9B4C1E768E650067459C /* LoginViewController.swift */,
				6DE44E181E76AF8100215B85 /* MainViewController.swift */,
				6DE44E1A1E76B5D600215B85 /* SignUpViewController.swift */,
				6D3E82431E7943EE00D48776 /* AppNavigationController.swift */,
				6D3E82451E7953B200D48776 /* SettingsViewController.swift */,
			);
			name = Controllers;
			sourceTree = "<group>";
		};
		6D4D9B511E768F390067459C /* Assets */ = {
			isa = PBXGroup;
			children = (
				6D4D9B411E768E190067459C /* Assets.xcassets */,
			);
			name = Assets;
			sourceTree = "<group>";
		};
		6D4D9B521E768FF40067459C /* Helpers */ = {
			isa = PBXGroup;
			children = (
				6D4D9B531E7690160067459C /* Extensions.swift */,
				6DE44E0E1E769AD300215B85 /* Color.swift */,
			);
			name = Helpers;
			sourceTree = "<group>";
		};
		6DE44E121E76ACBA00215B85 /* Model */ = {
			isa = PBXGroup;
			children = (
				6D2F984C1E76E62900FE2B6F /* Message.swift */,
				6D9C0D281E7B223A00199828 /* User.swift */,
				6DF591D51E8189B7003B2C6B /* WebsearchResult.swift */,
				6DE44E131E76ACC200215B85 /* Client */,
			);
			name = Model;
			sourceTree = "<group>";
		};
		6DE44E131E76ACC200215B85 /* Client */ = {
			isa = PBXGroup;
			children = (
				6DE44E101E76ACAF00215B85 /* Client.swift */,
				6DE44E141E76ACD900215B85 /* Constants.swift */,
				6DE44E151E76ACD900215B85 /* Convenience.swift */,
			);
			name = Client;
			sourceTree = "<group>";
		};
		BD5FA220F268315B61F71523 /* Frameworks */ = {
			isa = PBXGroup;
			children = (
				6DF591D31E817EC0003B2C6B /* Pods_Susi.framework */,
				6D767DEE1E79A9C800FF5485 /* Pods_Susi.framework */,
				6D767DEC1E79A9B600FF5485 /* Pods_Susi.framework */,
				6D82ADF21E784A5A0094AA9E /* Pods_Susi.framework */,
				39326DEEDBD0CCA432D3B25D /* Pods_Susi.framework */,
			);
			name = Frameworks;
			sourceTree = "<group>";
		};
/* End PBXGroup section */

/* Begin PBXNativeTarget section */
		6D4D9B361E768E190067459C /* Susi */ = {
			isa = PBXNativeTarget;
			buildConfigurationList = 6D4D9B491E768E190067459C /* Build configuration list for PBXNativeTarget "Susi" */;
			buildPhases = (
				A82E79DDB6F6CF8AE4ECD329 /* [CP] Check Pods Manifest.lock */,
				6D4D9B331E768E190067459C /* Sources */,
				6D4D9B341E768E190067459C /* Frameworks */,
				6D4D9B351E768E190067459C /* Resources */,
				880018A97BB7552C68E38EC4 /* [CP] Embed Pods Frameworks */,
				86DB440D027D139DDD8C9B5C /* [CP] Copy Pods Resources */,
			);
			buildRules = (
			);
			dependencies = (
			);
			name = Susi;
			productName = Susi;
			productReference = 6D4D9B371E768E190067459C /* Susi.app */;
			productType = "com.apple.product-type.application";
		};
/* End PBXNativeTarget section */

/* Begin PBXProject section */
		6D4D9B2F1E768E190067459C /* Project object */ = {
			isa = PBXProject;
			attributes = {
				LastSwiftUpdateCheck = 0820;
				LastUpgradeCheck = 0820;
				ORGANIZATIONNAME = FOSSAsia;
				TargetAttributes = {
					6D4D9B361E768E190067459C = {
						CreatedOnToolsVersion = 8.2.1;
						ProvisioningStyle = Manual;
					};
				};
			};
			buildConfigurationList = 6D4D9B321E768E190067459C /* Build configuration list for PBXProject "Susi" */;
			compatibilityVersion = "Xcode 3.2";
			developmentRegion = English;
			hasScannedForEncodings = 0;
			knownRegions = (
				en,
				Base,
			);
			mainGroup = 6D4D9B2E1E768E190067459C;
			productRefGroup = 6D4D9B381E768E190067459C /* Products */;
			projectDirPath = "";
			projectRoot = "";
			targets = (
				6D4D9B361E768E190067459C /* Susi */,
			);
		};
/* End PBXProject section */

/* Begin PBXResourcesBuildPhase section */
		6D4D9B351E768E190067459C /* Resources */ = {
			isa = PBXResourcesBuildPhase;
			buildActionMask = 2147483647;
			files = (
				6D4D9B451E768E190067459C /* LaunchScreen.storyboard in Resources */,
				6D4D9B421E768E190067459C /* Assets.xcassets in Resources */,
			);
			runOnlyForDeploymentPostprocessing = 0;
		};
/* End PBXResourcesBuildPhase section */

/* Begin PBXShellScriptBuildPhase section */
		86DB440D027D139DDD8C9B5C /* [CP] Copy Pods Resources */ = {
			isa = PBXShellScriptBuildPhase;
			buildActionMask = 2147483647;
			files = (
			);
			inputPaths = (
			);
			name = "[CP] Copy Pods Resources";
			outputPaths = (
			);
			runOnlyForDeploymentPostprocessing = 0;
			shellPath = /bin/sh;
			shellScript = "\"${SRCROOT}/Pods/Target Support Files/Pods-Susi/Pods-Susi-resources.sh\"\n";
			showEnvVarsInLog = 0;
		};
		880018A97BB7552C68E38EC4 /* [CP] Embed Pods Frameworks */ = {
			isa = PBXShellScriptBuildPhase;
			buildActionMask = 2147483647;
			files = (
			);
			inputPaths = (
			);
			name = "[CP] Embed Pods Frameworks";
			outputPaths = (
			);
			runOnlyForDeploymentPostprocessing = 0;
			shellPath = /bin/sh;
			shellScript = "\"${SRCROOT}/Pods/Target Support Files/Pods-Susi/Pods-Susi-frameworks.sh\"\n";
			showEnvVarsInLog = 0;
		};
		A82E79DDB6F6CF8AE4ECD329 /* [CP] Check Pods Manifest.lock */ = {
			isa = PBXShellScriptBuildPhase;
			buildActionMask = 2147483647;
			files = (
			);
			inputPaths = (
			);
			name = "[CP] Check Pods Manifest.lock";
			outputPaths = (
			);
			runOnlyForDeploymentPostprocessing = 0;
			shellPath = /bin/sh;
			shellScript = "diff \"${PODS_ROOT}/../Podfile.lock\" \"${PODS_ROOT}/Manifest.lock\" > /dev/null\nif [ $? != 0 ] ; then\n    # print error to STDERR\n    echo \"error: The sandbox is not in sync with the Podfile.lock. Run 'pod install' or update your CocoaPods installation.\" >&2\n    exit 1\nfi\n";
			showEnvVarsInLog = 0;
		};
/* End PBXShellScriptBuildPhase section */

/* Begin PBXSourcesBuildPhase section */
		6D4D9B331E768E190067459C /* Sources */ = {
			isa = PBXSourcesBuildPhase;
			buildActionMask = 2147483647;
			files = (
				6D3E82481E796B5200D48776 /* SettingsHeaderView.swift in Sources */,
				6D4D9B4D1E768E650067459C /* LoginViewController.swift in Sources */,
				6DE44E0F1E769AD300215B85 /* Color.swift in Sources */,
				6D98EDFB1E796EFE00D96B32 /* SettingsCell.swift in Sources */,
				6D3FB3491E813B900015E1D6 /* ChatMessageCell.swift in Sources */,
				6D4D9B541E7690160067459C /* Extensions.swift in Sources */,
				6DE44E171E76ACD900215B85 /* Convenience.swift in Sources */,
				6DE44E111E76ACAF00215B85 /* Client.swift in Sources */,
				6D3E82441E7943EE00D48776 /* AppNavigationController.swift in Sources */,
				6D3E82461E7953B200D48776 /* SettingsViewController.swift in Sources */,
				6D4D9B3B1E768E190067459C /* AppDelegate.swift in Sources */,
				6D2F984B1E76DF2200FE2B6F /* BaseCell.swift in Sources */,
				6DE44E1B1E76B5D600215B85 /* SignUpViewController.swift in Sources */,
				6D9C0D291E7B223A00199828 /* User.swift in Sources */,
				6D2F984D1E76E62900FE2B6F /* Message.swift in Sources */,
				6DE44E161E76ACD900215B85 /* Constants.swift in Sources */,
				6DE44E191E76AF8100215B85 /* MainViewController.swift in Sources */,
				6DF591D61E8189B7003B2C6B /* WebsearchResult.swift in Sources */,
			);
			runOnlyForDeploymentPostprocessing = 0;
		};
/* End PBXSourcesBuildPhase section */

/* Begin PBXVariantGroup section */
		6D4D9B431E768E190067459C /* LaunchScreen.storyboard */ = {
			isa = PBXVariantGroup;
			children = (
				6D4D9B441E768E190067459C /* Base */,
			);
			name = LaunchScreen.storyboard;
			sourceTree = "<group>";
		};
/* End PBXVariantGroup section */

/* Begin XCBuildConfiguration section */
		6D4D9B471E768E190067459C /* Debug */ = {
			isa = XCBuildConfiguration;
			buildSettings = {
				ALWAYS_SEARCH_USER_PATHS = NO;
				CLANG_ANALYZER_NONNULL = YES;
				CLANG_CXX_LANGUAGE_STANDARD = "gnu++0x";
				CLANG_CXX_LIBRARY = "libc++";
				CLANG_ENABLE_MODULES = YES;
				CLANG_ENABLE_OBJC_ARC = YES;
				CLANG_WARN_BOOL_CONVERSION = YES;
				CLANG_WARN_CONSTANT_CONVERSION = YES;
				CLANG_WARN_DIRECT_OBJC_ISA_USAGE = YES_ERROR;
				CLANG_WARN_DOCUMENTATION_COMMENTS = YES;
				CLANG_WARN_EMPTY_BODY = YES;
				CLANG_WARN_ENUM_CONVERSION = YES;
				CLANG_WARN_INFINITE_RECURSION = YES;
				CLANG_WARN_INT_CONVERSION = YES;
				CLANG_WARN_OBJC_ROOT_CLASS = YES_ERROR;
				CLANG_WARN_SUSPICIOUS_MOVE = YES;
				CLANG_WARN_UNREACHABLE_CODE = YES;
				CLANG_WARN__DUPLICATE_METHOD_MATCH = YES;
				"CODE_SIGN_IDENTITY[sdk=iphoneos*]" = "iPhone Developer";
				COPY_PHASE_STRIP = NO;
				DEBUG_INFORMATION_FORMAT = dwarf;
				ENABLE_STRICT_OBJC_MSGSEND = YES;
				ENABLE_TESTABILITY = YES;
				GCC_C_LANGUAGE_STANDARD = gnu99;
				GCC_DYNAMIC_NO_PIC = NO;
				GCC_NO_COMMON_BLOCKS = YES;
				GCC_OPTIMIZATION_LEVEL = 0;
				GCC_PREPROCESSOR_DEFINITIONS = (
					"DEBUG=1",
					"$(inherited)",
				);
				GCC_WARN_64_TO_32_BIT_CONVERSION = YES;
				GCC_WARN_ABOUT_RETURN_TYPE = YES_ERROR;
				GCC_WARN_UNDECLARED_SELECTOR = YES;
				GCC_WARN_UNINITIALIZED_AUTOS = YES_AGGRESSIVE;
				GCC_WARN_UNUSED_FUNCTION = YES;
				GCC_WARN_UNUSED_VARIABLE = YES;
				IPHONEOS_DEPLOYMENT_TARGET = 10.2;
				MTL_ENABLE_DEBUG_INFO = YES;
				ONLY_ACTIVE_ARCH = YES;
				SDKROOT = iphoneos;
				SWIFT_ACTIVE_COMPILATION_CONDITIONS = DEBUG;
				SWIFT_OPTIMIZATION_LEVEL = "-Onone";
				TARGETED_DEVICE_FAMILY = "1,2";
			};
			name = Debug;
		};
		6D4D9B481E768E190067459C /* Release */ = {
			isa = XCBuildConfiguration;
			buildSettings = {
				ALWAYS_SEARCH_USER_PATHS = NO;
				CLANG_ANALYZER_NONNULL = YES;
				CLANG_CXX_LANGUAGE_STANDARD = "gnu++0x";
				CLANG_CXX_LIBRARY = "libc++";
				CLANG_ENABLE_MODULES = YES;
				CLANG_ENABLE_OBJC_ARC = YES;
				CLANG_WARN_BOOL_CONVERSION = YES;
				CLANG_WARN_CONSTANT_CONVERSION = YES;
				CLANG_WARN_DIRECT_OBJC_ISA_USAGE = YES_ERROR;
				CLANG_WARN_DOCUMENTATION_COMMENTS = YES;
				CLANG_WARN_EMPTY_BODY = YES;
				CLANG_WARN_ENUM_CONVERSION = YES;
				CLANG_WARN_INFINITE_RECURSION = YES;
				CLANG_WARN_INT_CONVERSION = YES;
				CLANG_WARN_OBJC_ROOT_CLASS = YES_ERROR;
				CLANG_WARN_SUSPICIOUS_MOVE = YES;
				CLANG_WARN_UNREACHABLE_CODE = YES;
				CLANG_WARN__DUPLICATE_METHOD_MATCH = YES;
				"CODE_SIGN_IDENTITY[sdk=iphoneos*]" = "iPhone Developer";
				COPY_PHASE_STRIP = NO;
				DEBUG_INFORMATION_FORMAT = "dwarf-with-dsym";
				ENABLE_NS_ASSERTIONS = NO;
				ENABLE_STRICT_OBJC_MSGSEND = YES;
				GCC_C_LANGUAGE_STANDARD = gnu99;
				GCC_NO_COMMON_BLOCKS = YES;
				GCC_WARN_64_TO_32_BIT_CONVERSION = YES;
				GCC_WARN_ABOUT_RETURN_TYPE = YES_ERROR;
				GCC_WARN_UNDECLARED_SELECTOR = YES;
				GCC_WARN_UNINITIALIZED_AUTOS = YES_AGGRESSIVE;
				GCC_WARN_UNUSED_FUNCTION = YES;
				GCC_WARN_UNUSED_VARIABLE = YES;
				IPHONEOS_DEPLOYMENT_TARGET = 10.2;
				MTL_ENABLE_DEBUG_INFO = NO;
				SDKROOT = iphoneos;
				SWIFT_OPTIMIZATION_LEVEL = "-Owholemodule";
				TARGETED_DEVICE_FAMILY = "1,2";
				VALIDATE_PRODUCT = YES;
			};
			name = Release;
		};
		6D4D9B4A1E768E190067459C /* Debug */ = {
			isa = XCBuildConfiguration;
			baseConfigurationReference = F0725CD4F3C4305D555E2D38 /* Pods-Susi.debug.xcconfig */;
			buildSettings = {
				ASSETCATALOG_COMPILER_APPICON_NAME = AppIcon;
				DEVELOPMENT_TEAM = "";
				FRAMEWORK_SEARCH_PATHS = (
					"$(inherited)",
					"$(PROJECT_DIR)/build/Release-iphoneos",
				);
				INFOPLIST_FILE = Susi/Info.plist;
				IPHONEOS_DEPLOYMENT_TARGET = 9.0;
				LD_RUNPATH_SEARCH_PATHS = "$(inherited) @executable_path/Frameworks";
				PRODUCT_BUNDLE_IDENTIFIER = org.fossasia.susi;
				PRODUCT_NAME = "$(TARGET_NAME)";
				SWIFT_VERSION = 3.0;
				TARGETED_DEVICE_FAMILY = 1;
			};
			name = Debug;
		};
		6D4D9B4B1E768E190067459C /* Release */ = {
			isa = XCBuildConfiguration;
			baseConfigurationReference = 97955E10DCBDDA37F3FE9945 /* Pods-Susi.release.xcconfig */;
			buildSettings = {
				ASSETCATALOG_COMPILER_APPICON_NAME = AppIcon;
				DEVELOPMENT_TEAM = "";
				FRAMEWORK_SEARCH_PATHS = (
					"$(inherited)",
					"$(PROJECT_DIR)/build/Release-iphoneos",
				);
				INFOPLIST_FILE = Susi/Info.plist;
				IPHONEOS_DEPLOYMENT_TARGET = 9.0;
				LD_RUNPATH_SEARCH_PATHS = "$(inherited) @executable_path/Frameworks";
				PRODUCT_BUNDLE_IDENTIFIER = org.fossasia.susi;
				PRODUCT_NAME = "$(TARGET_NAME)";
				SWIFT_VERSION = 3.0;
				TARGETED_DEVICE_FAMILY = 1;
			};
			name = Release;
		};
/* End XCBuildConfiguration section */

/* Begin XCConfigurationList section */
		6D4D9B321E768E190067459C /* Build configuration list for PBXProject "Susi" */ = {
			isa = XCConfigurationList;
			buildConfigurations = (
				6D4D9B471E768E190067459C /* Debug */,
				6D4D9B481E768E190067459C /* Release */,
			);
			defaultConfigurationIsVisible = 0;
			defaultConfigurationName = Release;
		};
		6D4D9B491E768E190067459C /* Build configuration list for PBXNativeTarget "Susi" */ = {
			isa = XCConfigurationList;
			buildConfigurations = (
				6D4D9B4A1E768E190067459C /* Debug */,
				6D4D9B4B1E768E190067459C /* Release */,
			);
			defaultConfigurationIsVisible = 0;
			defaultConfigurationName = Release;
		};
/* End XCConfigurationList section */
	};
	rootObject = 6D4D9B2F1E768E190067459C /* Project object */;
}
